
Microsoft Visual Studio Solution File, Format Version 12.00
# Visual Studio Version 16
Project("{2150E333-8FDC-42A3-9474-1A3956D46DE8}") = "CMakePredefinedTargets", "CMakePredefinedTargets", "{87C40441-5642-363D-B3E2-D777664D45B6}"
EndProject
Project("{2150E333-8FDC-42A3-9474-1A3956D46DE8}") = "ext", "ext", "{D5677111-2278-3981-A549-A0DD93DC1A26}"
EndProject
Project("{8BC9CEB8-8B4A-11D0-8D11-00A0C91BC942}") = "ALL_BUILD", "ALL_BUILD.vcxproj", "{2F4B16A6-381C-3C2C-BDE2-5EB2AC0C2208}"
	ProjectSection(ProjectDependencies) = postProject
		{45C59E8C-69ED-3608-9DF3-D461C23A5B57} = {45C59E8C-69ED-3608-9DF3-D461C23A5B57}
		{6B013B3A-3290-358E-8106-FBC39005B78F} = {6B013B3A-3290-358E-8106-FBC39005B78F}
	EndProjectSection
EndProject
Project("{8BC9CEB8-8B4A-11D0-8D11-00A0C91BC942}") = "INSTALL", "INSTALL.vcxproj", "{33C5CC35-FAC3-3F86-946C-3FABF89390DA}"
	ProjectSection(ProjectDependencies) = postProject
		{2F4B16A6-381C-3C2C-BDE2-5EB2AC0C2208} = {2F4B16A6-381C-3C2C-BDE2-5EB2AC0C2208}
		{45C59E8C-69ED-3608-9DF3-D461C23A5B57} = {45C59E8C-69ED-3608-9DF3-D461C23A5B57}
	EndProjectSection
EndProject
Project("{8BC9CEB8-8B4A-11D0-8D11-00A0C91BC942}") = "PACKAGE", "PACKAGE.vcxproj", "{87DEF544-3A9C-33A3-B613-E44980C985DD}"
	ProjectSection(ProjectDependencies) = postProject
		{2F4B16A6-381C-3C2C-BDE2-5EB2AC0C2208} = {2F4B16A6-381C-3C2C-BDE2-5EB2AC0C2208}
		{45C59E8C-69ED-3608-9DF3-D461C23A5B57} = {45C59E8C-69ED-3608-9DF3-D461C23A5B57}
	EndProjectSection
EndProject
Project("{8BC9CEB8-8B4A-11D0-8D11-00A0C91BC942}") = "RUN_TESTS", "RUN_TESTS.vcxproj", "{D01CBF68-3AE1-3839-A7BA-DACA8583E03F}"
	ProjectSection(ProjectDependencies) = postProject
		{45C59E8C-69ED-3608-9DF3-D461C23A5B57} = {45C59E8C-69ED-3608-9DF3-D461C23A5B57}
	EndProjectSection
EndProject
Project("{8BC9CEB8-8B4A-11D0-8D11-00A0C91BC942}") = "ZERO_CHECK", "..\..\..\\ZERO_CHECK.vcxproj", "{45C59E8C-69ED-3608-9DF3-D461C23A5B57}"
	ProjectSection(ProjectDependencies) = postProject
	EndProjectSection
EndProject
Project("{8BC9CEB8-8B4A-11D0-8D11-00A0C91BC942}") = "zlibstatic", "zlibstatic.vcxproj", "{6B013B3A-3290-358E-8106-FBC39005B78F}"
	ProjectSection(ProjectDependencies) = postProject
		{45C59E8C-69ED-3608-9DF3-D461C23A5B57} = {45C59E8C-69ED-3608-9DF3-D461C23A5B57}
	EndProjectSection
EndProject
Global
	GlobalSection(SolutionConfigurationPlatforms) = preSolution
		Debug|x64 = Debug|x64
		Release|x64 = Release|x64
		MinSizeRel|x64 = MinSizeRel|x64
		RelWithDebInfo|x64 = RelWithDebInfo|x64
	EndGlobalSection
	GlobalSection(ProjectConfigurationPlatforms) = postSolution
		{2F4B16A6-381C-3C2C-BDE2-5EB2AC0C2208}.Debug|x64.ActiveCfg = Debug|x64
		{2F4B16A6-381C-3C2C-BDE2-5EB2AC0C2208}.Debug|x64.Build.0 = Debug|x64
		{2F4B16A6-381C-3C2C-BDE2-5EB2AC0C2208}.Release|x64.ActiveCfg = Release|x64
		{2F4B16A6-381C-3C2C-BDE2-5EB2AC0C2208}.Release|x64.Build.0 = Release|x64
		{2F4B16A6-381C-3C2C-BDE2-5EB2AC0C2208}.MinSizeRel|x64.ActiveCfg = MinSizeRel|x64
		{2F4B16A6-381C-3C2C-BDE2-5EB2AC0C2208}.MinSizeRel|x64.Build.0 = MinSizeRel|x64
		{2F4B16A6-381C-3C2C-BDE2-5EB2AC0C2208}.RelWithDebInfo|x64.ActiveCfg = RelWithDebInfo|x64
		{2F4B16A6-381C-3C2C-BDE2-5EB2AC0C2208}.RelWithDebInfo|x64.Build.0 = RelWithDebInfo|x64
		{33C5CC35-FAC3-3F86-946C-3FABF89390DA}.Debug|x64.ActiveCfg = Debug|x64
		{33C5CC35-FAC3-3F86-946C-3FABF89390DA}.Release|x64.ActiveCfg = Release|x64
		{33C5CC35-FAC3-3F86-946C-3FABF89390DA}.MinSizeRel|x64.ActiveCfg = MinSizeRel|x64
		{33C5CC35-FAC3-3F86-946C-3FABF89390DA}.RelWithDebInfo|x64.ActiveCfg = RelWithDebInfo|x64
		{87DEF544-3A9C-33A3-B613-E44980C985DD}.Debug|x64.ActiveCfg = Debug|x64
		{87DEF544-3A9C-33A3-B613-E44980C985DD}.Release|x64.ActiveCfg = Release|x64
		{87DEF544-3A9C-33A3-B613-E44980C985DD}.MinSizeRel|x64.ActiveCfg = MinSizeRel|x64
		{87DEF544-3A9C-33A3-B613-E44980C985DD}.RelWithDebInfo|x64.ActiveCfg = RelWithDebInfo|x64
		{D01CBF68-3AE1-3839-A7BA-DACA8583E03F}.Debug|x64.ActiveCfg = Debug|x64
		{D01CBF68-3AE1-3839-A7BA-DACA8583E03F}.Release|x64.ActiveCfg = Release|x64
		{D01CBF68-3AE1-3839-A7BA-DACA8583E03F}.MinSizeRel|x64.ActiveCfg = MinSizeRel|x64
		{D01CBF68-3AE1-3839-A7BA-DACA8583E03F}.RelWithDebInfo|x64.ActiveCfg = RelWithDebInfo|x64
		{45C59E8C-69ED-3608-9DF3-D461C23A5B57}.Debug|x64.ActiveCfg = Debug|x64
		{45C59E8C-69ED-3608-9DF3-D461C23A5B57}.Debug|x64.Build.0 = Debug|x64
		{45C59E8C-69ED-3608-9DF3-D461C23A5B57}.Release|x64.ActiveCfg = Release|x64
		{45C59E8C-69ED-3608-9DF3-D461C23A5B57}.Release|x64.Build.0 = Release|x64
		{45C59E8C-69ED-3608-9DF3-D461C23A5B57}.MinSizeRel|x64.ActiveCfg = MinSizeRel|x64
		{45C59E8C-69ED-3608-9DF3-D461C23A5B57}.MinSizeRel|x64.Build.0 = MinSizeRel|x64
		{45C59E8C-69ED-3608-9DF3-D461C23A5B57}.RelWithDebInfo|x64.ActiveCfg = RelWithDebInfo|x64
		{45C59E8C-69ED-3608-9DF3-D461C23A5B57}.RelWithDebInfo|x64.Build.0 = RelWithDebInfo|x64
		{6B013B3A-3290-358E-8106-FBC39005B78F}.Debug|x64.ActiveCfg = Debug|x64
		{6B013B3A-3290-358E-8106-FBC39005B78F}.Debug|x64.Build.0 = Debug|x64
		{6B013B3A-3290-358E-8106-FBC39005B78F}.Release|x64.ActiveCfg = Release|x64
		{6B013B3A-3290-358E-8106-FBC39005B78F}.Release|x64.Build.0 = Release|x64
		{6B013B3A-3290-358E-8106-FBC39005B78F}.MinSizeRel|x64.ActiveCfg = MinSizeRel|x64
		{6B013B3A-3290-358E-8106-FBC39005B78F}.MinSizeRel|x64.Build.0 = MinSizeRel|x64
		{6B013B3A-3290-358E-8106-FBC39005B78F}.RelWithDebInfo|x64.ActiveCfg = RelWithDebInfo|x64
		{6B013B3A-3290-358E-8106-FBC39005B78F}.RelWithDebInfo|x64.Build.0 = RelWithDebInfo|x64
	EndGlobalSection
	GlobalSection(NestedProjects) = preSolution
		{2F4B16A6-381C-3C2C-BDE2-5EB2AC0C2208} = {87C40441-5642-363D-B3E2-D777664D45B6}
		{33C5CC35-FAC3-3F86-946C-3FABF89390DA} = {87C40441-5642-363D-B3E2-D777664D45B6}
		{87DEF544-3A9C-33A3-B613-E44980C985DD} = {87C40441-5642-363D-B3E2-D777664D45B6}
		{D01CBF68-3AE1-3839-A7BA-DACA8583E03F} = {87C40441-5642-363D-B3E2-D777664D45B6}
		{45C59E8C-69ED-3608-9DF3-D461C23A5B57} = {87C40441-5642-363D-B3E2-D777664D45B6}
		{6B013B3A-3290-358E-8106-FBC39005B78F} = {D5677111-2278-3981-A549-A0DD93DC1A26}
	EndGlobalSection
	GlobalSection(ExtensibilityGlobals) = postSolution
		SolutionGuid = {7422DE0B-A0DF-356D-91B4-DFA80F365C16}
	EndGlobalSection
	GlobalSection(ExtensibilityAddIns) = postSolution
	EndGlobalSection
EndGlobal
