
Microsoft Visual Studio Solution File, Format Version 12.00
# Visual Studio Version 16
Project("{2150E333-8FDC-42A3-9474-1A3956D46DE8}") = "CMakePredefinedTargets", "CMakePredefinedTargets", "{87C40441-5642-363D-B3E2-D777664D45B6}"
EndProject
Project("{2150E333-8FDC-42A3-9474-1A3956D46DE8}") = "ext", "ext", "{D5677111-2278-3981-A549-A0DD93DC1A26}"
EndProject
Project("{8BC9CEB8-8B4A-11D0-8D11-00A0C91BC942}") = "ALL_BUILD", "ALL_BUILD.vcxproj", "{2F4B16A6-381C-3C2C-BDE2-5EB2AC0C2208}"
	ProjectSection(ProjectDependencies) = postProject
		{A37911F5-1C4F-3283-AF6D-9A2506BFFA1E} = {A37911F5-1C4F-3283-AF6D-9A2506BFFA1E}
		{ABD92305-01FC-37A5-AEB9-1A21B0A15A8D} = {ABD92305-01FC-37A5-AEB9-1A21B0A15A8D}
		{4979CFF4-808F-359E-B07B-630C512E0DC4} = {4979CFF4-808F-359E-B07B-630C512E0DC4}
		{AC329EE0-3320-387B-92D1-9ED2782A279F} = {AC329EE0-3320-387B-92D1-9ED2782A279F}
		{53BD6C71-C81D-31D1-BEFC-AD02B06EA4CC} = {53BD6C71-C81D-31D1-BEFC-AD02B06EA4CC}
		{EAC7AA8B-D90E-3B99-8779-82C4C0DC0CEF} = {EAC7AA8B-D90E-3B99-8779-82C4C0DC0CEF}
		{B6D0F1AA-7FB3-311F-B186-A80384D03136} = {B6D0F1AA-7FB3-311F-B186-A80384D03136}
		{45C59E8C-69ED-3608-9DF3-D461C23A5B57} = {45C59E8C-69ED-3608-9DF3-D461C23A5B57}
		{9C83B4D1-ABBC-3837-AE03-60AE4193A81E} = {9C83B4D1-ABBC-3837-AE03-60AE4193A81E}
		{46848758-13F8-3B0E-997B-8D48DB03F949} = {46848758-13F8-3B0E-997B-8D48DB03F949}
		{4AB87A2F-AEF7-3C6E-A6B6-303004E36E5B} = {4AB87A2F-AEF7-3C6E-A6B6-303004E36E5B}
		{0E420F48-ACA3-390F-94AC-6D2F0E1F96FC} = {0E420F48-ACA3-390F-94AC-6D2F0E1F96FC}
	EndProjectSection
EndProject
Project("{8BC9CEB8-8B4A-11D0-8D11-00A0C91BC942}") = "CopyIlmBaseLibs", "CopyIlmBaseLibs.vcxproj", "{F806203D-61BD-3544-A0AD-F64790794A53}"
	ProjectSection(ProjectDependencies) = postProject
		{A37911F5-1C4F-3283-AF6D-9A2506BFFA1E} = {A37911F5-1C4F-3283-AF6D-9A2506BFFA1E}
		{ABD92305-01FC-37A5-AEB9-1A21B0A15A8D} = {ABD92305-01FC-37A5-AEB9-1A21B0A15A8D}
		{EAC7AA8B-D90E-3B99-8779-82C4C0DC0CEF} = {EAC7AA8B-D90E-3B99-8779-82C4C0DC0CEF}
		{B6D0F1AA-7FB3-311F-B186-A80384D03136} = {B6D0F1AA-7FB3-311F-B186-A80384D03136}
		{45C59E8C-69ED-3608-9DF3-D461C23A5B57} = {45C59E8C-69ED-3608-9DF3-D461C23A5B57}
	EndProjectSection
EndProject
Project("{8BC9CEB8-8B4A-11D0-8D11-00A0C91BC942}") = "Half", "IlmBase\Half\Half.vcxproj", "{A37911F5-1C4F-3283-AF6D-9A2506BFFA1E}"
	ProjectSection(ProjectDependencies) = postProject
		{45C59E8C-69ED-3608-9DF3-D461C23A5B57} = {45C59E8C-69ED-3608-9DF3-D461C23A5B57}
		{4AB87A2F-AEF7-3C6E-A6B6-303004E36E5B} = {4AB87A2F-AEF7-3C6E-A6B6-303004E36E5B}
		{0E420F48-ACA3-390F-94AC-6D2F0E1F96FC} = {0E420F48-ACA3-390F-94AC-6D2F0E1F96FC}
	EndProjectSection
EndProject
Project("{8BC9CEB8-8B4A-11D0-8D11-00A0C91BC942}") = "INSTALL", "INSTALL.vcxproj", "{33C5CC35-FAC3-3F86-946C-3FABF89390DA}"
	ProjectSection(ProjectDependencies) = postProject
		{2F4B16A6-381C-3C2C-BDE2-5EB2AC0C2208} = {2F4B16A6-381C-3C2C-BDE2-5EB2AC0C2208}
		{45C59E8C-69ED-3608-9DF3-D461C23A5B57} = {45C59E8C-69ED-3608-9DF3-D461C23A5B57}
	EndProjectSection
EndProject
Project("{8BC9CEB8-8B4A-11D0-8D11-00A0C91BC942}") = "Iex", "IlmBase\Iex\Iex.vcxproj", "{ABD92305-01FC-37A5-AEB9-1A21B0A15A8D}"
	ProjectSection(ProjectDependencies) = postProject
		{45C59E8C-69ED-3608-9DF3-D461C23A5B57} = {45C59E8C-69ED-3608-9DF3-D461C23A5B57}
	EndProjectSection
EndProject
Project("{8BC9CEB8-8B4A-11D0-8D11-00A0C91BC942}") = "IexMath", "IlmBase\IexMath\IexMath.vcxproj", "{4979CFF4-808F-359E-B07B-630C512E0DC4}"
	ProjectSection(ProjectDependencies) = postProject
		{ABD92305-01FC-37A5-AEB9-1A21B0A15A8D} = {ABD92305-01FC-37A5-AEB9-1A21B0A15A8D}
		{45C59E8C-69ED-3608-9DF3-D461C23A5B57} = {45C59E8C-69ED-3608-9DF3-D461C23A5B57}
	EndProjectSection
EndProject
Project("{8BC9CEB8-8B4A-11D0-8D11-00A0C91BC942}") = "IlmImf", "OpenEXR\IlmImf\IlmImf.vcxproj", "{AC329EE0-3320-387B-92D1-9ED2782A279F}"
	ProjectSection(ProjectDependencies) = postProject
		{A37911F5-1C4F-3283-AF6D-9A2506BFFA1E} = {A37911F5-1C4F-3283-AF6D-9A2506BFFA1E}
		{ABD92305-01FC-37A5-AEB9-1A21B0A15A8D} = {ABD92305-01FC-37A5-AEB9-1A21B0A15A8D}
		{53BD6C71-C81D-31D1-BEFC-AD02B06EA4CC} = {53BD6C71-C81D-31D1-BEFC-AD02B06EA4CC}
		{EAC7AA8B-D90E-3B99-8779-82C4C0DC0CEF} = {EAC7AA8B-D90E-3B99-8779-82C4C0DC0CEF}
		{B6D0F1AA-7FB3-311F-B186-A80384D03136} = {B6D0F1AA-7FB3-311F-B186-A80384D03136}
		{45C59E8C-69ED-3608-9DF3-D461C23A5B57} = {45C59E8C-69ED-3608-9DF3-D461C23A5B57}
		{9C83B4D1-ABBC-3837-AE03-60AE4193A81E} = {9C83B4D1-ABBC-3837-AE03-60AE4193A81E}
		{46848758-13F8-3B0E-997B-8D48DB03F949} = {46848758-13F8-3B0E-997B-8D48DB03F949}
		{6B013B3A-3290-358E-8106-FBC39005B78F} = {6B013B3A-3290-358E-8106-FBC39005B78F}
	EndProjectSection
EndProject
Project("{8BC9CEB8-8B4A-11D0-8D11-00A0C91BC942}") = "IlmImf-obj", "OpenEXR\IlmImf\IlmImf-obj.vcxproj", "{53BD6C71-C81D-31D1-BEFC-AD02B06EA4CC}"
	ProjectSection(ProjectDependencies) = postProject
		{45C59E8C-69ED-3608-9DF3-D461C23A5B57} = {45C59E8C-69ED-3608-9DF3-D461C23A5B57}
	EndProjectSection
EndProject
Project("{8BC9CEB8-8B4A-11D0-8D11-00A0C91BC942}") = "IlmThread", "IlmBase\IlmThread\IlmThread.vcxproj", "{EAC7AA8B-D90E-3B99-8779-82C4C0DC0CEF}"
	ProjectSection(ProjectDependencies) = postProject
		{ABD92305-01FC-37A5-AEB9-1A21B0A15A8D} = {ABD92305-01FC-37A5-AEB9-1A21B0A15A8D}
		{45C59E8C-69ED-3608-9DF3-D461C23A5B57} = {45C59E8C-69ED-3608-9DF3-D461C23A5B57}
	EndProjectSection
EndProject
Project("{8BC9CEB8-8B4A-11D0-8D11-00A0C91BC942}") = "Imath", "IlmBase\Imath\Imath.vcxproj", "{B6D0F1AA-7FB3-311F-B186-A80384D03136}"
	ProjectSection(ProjectDependencies) = postProject
		{ABD92305-01FC-37A5-AEB9-1A21B0A15A8D} = {ABD92305-01FC-37A5-AEB9-1A21B0A15A8D}
		{45C59E8C-69ED-3608-9DF3-D461C23A5B57} = {45C59E8C-69ED-3608-9DF3-D461C23A5B57}
	EndProjectSection
EndProject
Project("{8BC9CEB8-8B4A-11D0-8D11-00A0C91BC942}") = "PACKAGE", "PACKAGE.vcxproj", "{87DEF544-3A9C-33A3-B613-E44980C985DD}"
	ProjectSection(ProjectDependencies) = postProject
		{2F4B16A6-381C-3C2C-BDE2-5EB2AC0C2208} = {2F4B16A6-381C-3C2C-BDE2-5EB2AC0C2208}
		{45C59E8C-69ED-3608-9DF3-D461C23A5B57} = {45C59E8C-69ED-3608-9DF3-D461C23A5B57}
	EndProjectSection
EndProject
Project("{8BC9CEB8-8B4A-11D0-8D11-00A0C91BC942}") = "RUN_TESTS", "RUN_TESTS.vcxproj", "{D01CBF68-3AE1-3839-A7BA-DACA8583E03F}"
	ProjectSection(ProjectDependencies) = postProject
		{45C59E8C-69ED-3608-9DF3-D461C23A5B57} = {45C59E8C-69ED-3608-9DF3-D461C23A5B57}
	EndProjectSection
EndProject
Project("{8BC9CEB8-8B4A-11D0-8D11-00A0C91BC942}") = "ZERO_CHECK", "..\..\..\\ZERO_CHECK.vcxproj", "{45C59E8C-69ED-3608-9DF3-D461C23A5B57}"
	ProjectSection(ProjectDependencies) = postProject
	EndProjectSection
EndProject
Project("{8BC9CEB8-8B4A-11D0-8D11-00A0C91BC942}") = "b44ExpLogTable", "OpenEXR\IlmImf\b44ExpLogTable.vcxproj", "{9C83B4D1-ABBC-3837-AE03-60AE4193A81E}"
	ProjectSection(ProjectDependencies) = postProject
		{F806203D-61BD-3544-A0AD-F64790794A53} = {F806203D-61BD-3544-A0AD-F64790794A53}
		{A37911F5-1C4F-3283-AF6D-9A2506BFFA1E} = {A37911F5-1C4F-3283-AF6D-9A2506BFFA1E}
		{ABD92305-01FC-37A5-AEB9-1A21B0A15A8D} = {ABD92305-01FC-37A5-AEB9-1A21B0A15A8D}
		{EAC7AA8B-D90E-3B99-8779-82C4C0DC0CEF} = {EAC7AA8B-D90E-3B99-8779-82C4C0DC0CEF}
		{45C59E8C-69ED-3608-9DF3-D461C23A5B57} = {45C59E8C-69ED-3608-9DF3-D461C23A5B57}
	EndProjectSection
EndProject
Project("{8BC9CEB8-8B4A-11D0-8D11-00A0C91BC942}") = "dwaLookups", "OpenEXR\IlmImf\dwaLookups.vcxproj", "{46848758-13F8-3B0E-997B-8D48DB03F949}"
	ProjectSection(ProjectDependencies) = postProject
		{F806203D-61BD-3544-A0AD-F64790794A53} = {F806203D-61BD-3544-A0AD-F64790794A53}
		{A37911F5-1C4F-3283-AF6D-9A2506BFFA1E} = {A37911F5-1C4F-3283-AF6D-9A2506BFFA1E}
		{ABD92305-01FC-37A5-AEB9-1A21B0A15A8D} = {ABD92305-01FC-37A5-AEB9-1A21B0A15A8D}
		{EAC7AA8B-D90E-3B99-8779-82C4C0DC0CEF} = {EAC7AA8B-D90E-3B99-8779-82C4C0DC0CEF}
		{45C59E8C-69ED-3608-9DF3-D461C23A5B57} = {45C59E8C-69ED-3608-9DF3-D461C23A5B57}
	EndProjectSection
EndProject
Project("{8BC9CEB8-8B4A-11D0-8D11-00A0C91BC942}") = "eLut", "IlmBase\Half\eLut.vcxproj", "{4AB87A2F-AEF7-3C6E-A6B6-303004E36E5B}"
	ProjectSection(ProjectDependencies) = postProject
		{45C59E8C-69ED-3608-9DF3-D461C23A5B57} = {45C59E8C-69ED-3608-9DF3-D461C23A5B57}
	EndProjectSection
EndProject
Project("{8BC9CEB8-8B4A-11D0-8D11-00A0C91BC942}") = "toFloat", "IlmBase\Half\toFloat.vcxproj", "{0E420F48-ACA3-390F-94AC-6D2F0E1F96FC}"
	ProjectSection(ProjectDependencies) = postProject
		{45C59E8C-69ED-3608-9DF3-D461C23A5B57} = {45C59E8C-69ED-3608-9DF3-D461C23A5B57}
	EndProjectSection
EndProject
Project("{8BC9CEB8-8B4A-11D0-8D11-00A0C91BC942}") = "zlibstatic", "..\zlib\zlibstatic.vcxproj", "{6B013B3A-3290-358E-8106-FBC39005B78F}"
	ProjectSection(ProjectDependencies) = postProject
		{45C59E8C-69ED-3608-9DF3-D461C23A5B57} = {45C59E8C-69ED-3608-9DF3-D461C23A5B57}
	EndProjectSection
EndProject
Global
	GlobalSection(SolutionConfigurationPlatforms) = preSolution
		Debug|x64 = Debug|x64
		Release|x64 = Release|x64
		MinSizeRel|x64 = MinSizeRel|x64
		RelWithDebInfo|x64 = RelWithDebInfo|x64
	EndGlobalSection
	GlobalSection(ProjectConfigurationPlatforms) = postSolution
		{2F4B16A6-381C-3C2C-BDE2-5EB2AC0C2208}.Debug|x64.ActiveCfg = Debug|x64
		{2F4B16A6-381C-3C2C-BDE2-5EB2AC0C2208}.Debug|x64.Build.0 = Debug|x64
		{2F4B16A6-381C-3C2C-BDE2-5EB2AC0C2208}.Release|x64.ActiveCfg = Release|x64
		{2F4B16A6-381C-3C2C-BDE2-5EB2AC0C2208}.Release|x64.Build.0 = Release|x64
		{2F4B16A6-381C-3C2C-BDE2-5EB2AC0C2208}.MinSizeRel|x64.ActiveCfg = MinSizeRel|x64
		{2F4B16A6-381C-3C2C-BDE2-5EB2AC0C2208}.MinSizeRel|x64.Build.0 = MinSizeRel|x64
		{2F4B16A6-381C-3C2C-BDE2-5EB2AC0C2208}.RelWithDebInfo|x64.ActiveCfg = RelWithDebInfo|x64
		{2F4B16A6-381C-3C2C-BDE2-5EB2AC0C2208}.RelWithDebInfo|x64.Build.0 = RelWithDebInfo|x64
		{F806203D-61BD-3544-A0AD-F64790794A53}.Debug|x64.ActiveCfg = Debug|x64
		{F806203D-61BD-3544-A0AD-F64790794A53}.Debug|x64.Build.0 = Debug|x64
		{F806203D-61BD-3544-A0AD-F64790794A53}.Release|x64.ActiveCfg = Release|x64
		{F806203D-61BD-3544-A0AD-F64790794A53}.Release|x64.Build.0 = Release|x64
		{F806203D-61BD-3544-A0AD-F64790794A53}.MinSizeRel|x64.ActiveCfg = MinSizeRel|x64
		{F806203D-61BD-3544-A0AD-F64790794A53}.MinSizeRel|x64.Build.0 = MinSizeRel|x64
		{F806203D-61BD-3544-A0AD-F64790794A53}.RelWithDebInfo|x64.ActiveCfg = RelWithDebInfo|x64
		{F806203D-61BD-3544-A0AD-F64790794A53}.RelWithDebInfo|x64.Build.0 = RelWithDebInfo|x64
		{A37911F5-1C4F-3283-AF6D-9A2506BFFA1E}.Debug|x64.ActiveCfg = Debug|x64
		{A37911F5-1C4F-3283-AF6D-9A2506BFFA1E}.Debug|x64.Build.0 = Debug|x64
		{A37911F5-1C4F-3283-AF6D-9A2506BFFA1E}.Release|x64.ActiveCfg = Release|x64
		{A37911F5-1C4F-3283-AF6D-9A2506BFFA1E}.Release|x64.Build.0 = Release|x64
		{A37911F5-1C4F-3283-AF6D-9A2506BFFA1E}.MinSizeRel|x64.ActiveCfg = MinSizeRel|x64
		{A37911F5-1C4F-3283-AF6D-9A2506BFFA1E}.MinSizeRel|x64.Build.0 = MinSizeRel|x64
		{A37911F5-1C4F-3283-AF6D-9A2506BFFA1E}.RelWithDebInfo|x64.ActiveCfg = RelWithDebInfo|x64
		{A37911F5-1C4F-3283-AF6D-9A2506BFFA1E}.RelWithDebInfo|x64.Build.0 = RelWithDebInfo|x64
		{33C5CC35-FAC3-3F86-946C-3FABF89390DA}.Debug|x64.ActiveCfg = Debug|x64
		{33C5CC35-FAC3-3F86-946C-3FABF89390DA}.Release|x64.ActiveCfg = Release|x64
		{33C5CC35-FAC3-3F86-946C-3FABF89390DA}.MinSizeRel|x64.ActiveCfg = MinSizeRel|x64
		{33C5CC35-FAC3-3F86-946C-3FABF89390DA}.RelWithDebInfo|x64.ActiveCfg = RelWithDebInfo|x64
		{ABD92305-01FC-37A5-AEB9-1A21B0A15A8D}.Debug|x64.ActiveCfg = Debug|x64
		{ABD92305-01FC-37A5-AEB9-1A21B0A15A8D}.Debug|x64.Build.0 = Debug|x64
		{ABD92305-01FC-37A5-AEB9-1A21B0A15A8D}.Release|x64.ActiveCfg = Release|x64
		{ABD92305-01FC-37A5-AEB9-1A21B0A15A8D}.Release|x64.Build.0 = Release|x64
		{ABD92305-01FC-37A5-AEB9-1A21B0A15A8D}.MinSizeRel|x64.ActiveCfg = MinSizeRel|x64
		{ABD92305-01FC-37A5-AEB9-1A21B0A15A8D}.MinSizeRel|x64.Build.0 = MinSizeRel|x64
		{ABD92305-01FC-37A5-AEB9-1A21B0A15A8D}.RelWithDebInfo|x64.ActiveCfg = RelWithDebInfo|x64
		{ABD92305-01FC-37A5-AEB9-1A21B0A15A8D}.RelWithDebInfo|x64.Build.0 = RelWithDebInfo|x64
		{4979CFF4-808F-359E-B07B-630C512E0DC4}.Debug|x64.ActiveCfg = Debug|x64
		{4979CFF4-808F-359E-B07B-630C512E0DC4}.Debug|x64.Build.0 = Debug|x64
		{4979CFF4-808F-359E-B07B-630C512E0DC4}.Release|x64.ActiveCfg = Release|x64
		{4979CFF4-808F-359E-B07B-630C512E0DC4}.Release|x64.Build.0 = Release|x64
		{4979CFF4-808F-359E-B07B-630C512E0DC4}.MinSizeRel|x64.ActiveCfg = MinSizeRel|x64
		{4979CFF4-808F-359E-B07B-630C512E0DC4}.MinSizeRel|x64.Build.0 = MinSizeRel|x64
		{4979CFF4-808F-359E-B07B-630C512E0DC4}.RelWithDebInfo|x64.ActiveCfg = RelWithDebInfo|x64
		{4979CFF4-808F-359E-B07B-630C512E0DC4}.RelWithDebInfo|x64.Build.0 = RelWithDebInfo|x64
		{AC329EE0-3320-387B-92D1-9ED2782A279F}.Debug|x64.ActiveCfg = Debug|x64
		{AC329EE0-3320-387B-92D1-9ED2782A279F}.Debug|x64.Build.0 = Debug|x64
		{AC329EE0-3320-387B-92D1-9ED2782A279F}.Release|x64.ActiveCfg = Release|x64
		{AC329EE0-3320-387B-92D1-9ED2782A279F}.Release|x64.Build.0 = Release|x64
		{AC329EE0-3320-387B-92D1-9ED2782A279F}.MinSizeRel|x64.ActiveCfg = MinSizeRel|x64
		{AC329EE0-3320-387B-92D1-9ED2782A279F}.MinSizeRel|x64.Build.0 = MinSizeRel|x64
		{AC329EE0-3320-387B-92D1-9ED2782A279F}.RelWithDebInfo|x64.ActiveCfg = RelWithDebInfo|x64
		{AC329EE0-3320-387B-92D1-9ED2782A279F}.RelWithDebInfo|x64.Build.0 = RelWithDebInfo|x64
		{53BD6C71-C81D-31D1-BEFC-AD02B06EA4CC}.Debug|x64.ActiveCfg = Debug|x64
		{53BD6C71-C81D-31D1-BEFC-AD02B06EA4CC}.Debug|x64.Build.0 = Debug|x64
		{53BD6C71-C81D-31D1-BEFC-AD02B06EA4CC}.Release|x64.ActiveCfg = Release|x64
		{53BD6C71-C81D-31D1-BEFC-AD02B06EA4CC}.Release|x64.Build.0 = Release|x64
		{53BD6C71-C81D-31D1-BEFC-AD02B06EA4CC}.MinSizeRel|x64.ActiveCfg = MinSizeRel|x64
		{53BD6C71-C81D-31D1-BEFC-AD02B06EA4CC}.MinSizeRel|x64.Build.0 = MinSizeRel|x64
		{53BD6C71-C81D-31D1-BEFC-AD02B06EA4CC}.RelWithDebInfo|x64.ActiveCfg = RelWithDebInfo|x64
		{53BD6C71-C81D-31D1-BEFC-AD02B06EA4CC}.RelWithDebInfo|x64.Build.0 = RelWithDebInfo|x64
		{EAC7AA8B-D90E-3B99-8779-82C4C0DC0CEF}.Debug|x64.ActiveCfg = Debug|x64
		{EAC7AA8B-D90E-3B99-8779-82C4C0DC0CEF}.Debug|x64.Build.0 = Debug|x64
		{EAC7AA8B-D90E-3B99-8779-82C4C0DC0CEF}.Release|x64.ActiveCfg = Release|x64
		{EAC7AA8B-D90E-3B99-8779-82C4C0DC0CEF}.Release|x64.Build.0 = Release|x64
		{EAC7AA8B-D90E-3B99-8779-82C4C0DC0CEF}.MinSizeRel|x64.ActiveCfg = MinSizeRel|x64
		{EAC7AA8B-D90E-3B99-8779-82C4C0DC0CEF}.MinSizeRel|x64.Build.0 = MinSizeRel|x64
		{EAC7AA8B-D90E-3B99-8779-82C4C0DC0CEF}.RelWithDebInfo|x64.ActiveCfg = RelWithDebInfo|x64
		{EAC7AA8B-D90E-3B99-8779-82C4C0DC0CEF}.RelWithDebInfo|x64.Build.0 = RelWithDebInfo|x64
		{B6D0F1AA-7FB3-311F-B186-A80384D03136}.Debug|x64.ActiveCfg = Debug|x64
		{B6D0F1AA-7FB3-311F-B186-A80384D03136}.Debug|x64.Build.0 = Debug|x64
		{B6D0F1AA-7FB3-311F-B186-A80384D03136}.Release|x64.ActiveCfg = Release|x64
		{B6D0F1AA-7FB3-311F-B186-A80384D03136}.Release|x64.Build.0 = Release|x64
		{B6D0F1AA-7FB3-311F-B186-A80384D03136}.MinSizeRel|x64.ActiveCfg = MinSizeRel|x64
		{B6D0F1AA-7FB3-311F-B186-A80384D03136}.MinSizeRel|x64.Build.0 = MinSizeRel|x64
		{B6D0F1AA-7FB3-311F-B186-A80384D03136}.RelWithDebInfo|x64.ActiveCfg = RelWithDebInfo|x64
		{B6D0F1AA-7FB3-311F-B186-A80384D03136}.RelWithDebInfo|x64.Build.0 = RelWithDebInfo|x64
		{87DEF544-3A9C-33A3-B613-E44980C985DD}.Debug|x64.ActiveCfg = Debug|x64
		{87DEF544-3A9C-33A3-B613-E44980C985DD}.Release|x64.ActiveCfg = Release|x64
		{87DEF544-3A9C-33A3-B613-E44980C985DD}.MinSizeRel|x64.ActiveCfg = MinSizeRel|x64
		{87DEF544-3A9C-33A3-B613-E44980C985DD}.RelWithDebInfo|x64.ActiveCfg = RelWithDebInfo|x64
		{D01CBF68-3AE1-3839-A7BA-DACA8583E03F}.Debug|x64.ActiveCfg = Debug|x64
		{D01CBF68-3AE1-3839-A7BA-DACA8583E03F}.Release|x64.ActiveCfg = Release|x64
		{D01CBF68-3AE1-3839-A7BA-DACA8583E03F}.MinSizeRel|x64.ActiveCfg = MinSizeRel|x64
		{D01CBF68-3AE1-3839-A7BA-DACA8583E03F}.RelWithDebInfo|x64.ActiveCfg = RelWithDebInfo|x64
		{45C59E8C-69ED-3608-9DF3-D461C23A5B57}.Debug|x64.ActiveCfg = Debug|x64
		{45C59E8C-69ED-3608-9DF3-D461C23A5B57}.Debug|x64.Build.0 = Debug|x64
		{45C59E8C-69ED-3608-9DF3-D461C23A5B57}.Release|x64.ActiveCfg = Release|x64
		{45C59E8C-69ED-3608-9DF3-D461C23A5B57}.Release|x64.Build.0 = Release|x64
		{45C59E8C-69ED-3608-9DF3-D461C23A5B57}.MinSizeRel|x64.ActiveCfg = MinSizeRel|x64
		{45C59E8C-69ED-3608-9DF3-D461C23A5B57}.MinSizeRel|x64.Build.0 = MinSizeRel|x64
		{45C59E8C-69ED-3608-9DF3-D461C23A5B57}.RelWithDebInfo|x64.ActiveCfg = RelWithDebInfo|x64
		{45C59E8C-69ED-3608-9DF3-D461C23A5B57}.RelWithDebInfo|x64.Build.0 = RelWithDebInfo|x64
		{9C83B4D1-ABBC-3837-AE03-60AE4193A81E}.Debug|x64.ActiveCfg = Debug|x64
		{9C83B4D1-ABBC-3837-AE03-60AE4193A81E}.Debug|x64.Build.0 = Debug|x64
		{9C83B4D1-ABBC-3837-AE03-60AE4193A81E}.Release|x64.ActiveCfg = Release|x64
		{9C83B4D1-ABBC-3837-AE03-60AE4193A81E}.Release|x64.Build.0 = Release|x64
		{9C83B4D1-ABBC-3837-AE03-60AE4193A81E}.MinSizeRel|x64.ActiveCfg = MinSizeRel|x64
		{9C83B4D1-ABBC-3837-AE03-60AE4193A81E}.MinSizeRel|x64.Build.0 = MinSizeRel|x64
		{9C83B4D1-ABBC-3837-AE03-60AE4193A81E}.RelWithDebInfo|x64.ActiveCfg = RelWithDebInfo|x64
		{9C83B4D1-ABBC-3837-AE03-60AE4193A81E}.RelWithDebInfo|x64.Build.0 = RelWithDebInfo|x64
		{46848758-13F8-3B0E-997B-8D48DB03F949}.Debug|x64.ActiveCfg = Debug|x64
		{46848758-13F8-3B0E-997B-8D48DB03F949}.Debug|x64.Build.0 = Debug|x64
		{46848758-13F8-3B0E-997B-8D48DB03F949}.Release|x64.ActiveCfg = Release|x64
		{46848758-13F8-3B0E-997B-8D48DB03F949}.Release|x64.Build.0 = Release|x64
		{46848758-13F8-3B0E-997B-8D48DB03F949}.MinSizeRel|x64.ActiveCfg = MinSizeRel|x64
		{46848758-13F8-3B0E-997B-8D48DB03F949}.MinSizeRel|x64.Build.0 = MinSizeRel|x64
		{46848758-13F8-3B0E-997B-8D48DB03F949}.RelWithDebInfo|x64.ActiveCfg = RelWithDebInfo|x64
		{46848758-13F8-3B0E-997B-8D48DB03F949}.RelWithDebInfo|x64.Build.0 = RelWithDebInfo|x64
		{4AB87A2F-AEF7-3C6E-A6B6-303004E36E5B}.Debug|x64.ActiveCfg = Debug|x64
		{4AB87A2F-AEF7-3C6E-A6B6-303004E36E5B}.Debug|x64.Build.0 = Debug|x64
		{4AB87A2F-AEF7-3C6E-A6B6-303004E36E5B}.Release|x64.ActiveCfg = Release|x64
		{4AB87A2F-AEF7-3C6E-A6B6-303004E36E5B}.Release|x64.Build.0 = Release|x64
		{4AB87A2F-AEF7-3C6E-A6B6-303004E36E5B}.MinSizeRel|x64.ActiveCfg = MinSizeRel|x64
		{4AB87A2F-AEF7-3C6E-A6B6-303004E36E5B}.MinSizeRel|x64.Build.0 = MinSizeRel|x64
		{4AB87A2F-AEF7-3C6E-A6B6-303004E36E5B}.RelWithDebInfo|x64.ActiveCfg = RelWithDebInfo|x64
		{4AB87A2F-AEF7-3C6E-A6B6-303004E36E5B}.RelWithDebInfo|x64.Build.0 = RelWithDebInfo|x64
		{0E420F48-ACA3-390F-94AC-6D2F0E1F96FC}.Debug|x64.ActiveCfg = Debug|x64
		{0E420F48-ACA3-390F-94AC-6D2F0E1F96FC}.Debug|x64.Build.0 = Debug|x64
		{0E420F48-ACA3-390F-94AC-6D2F0E1F96FC}.Release|x64.ActiveCfg = Release|x64
		{0E420F48-ACA3-390F-94AC-6D2F0E1F96FC}.Release|x64.Build.0 = Release|x64
		{0E420F48-ACA3-390F-94AC-6D2F0E1F96FC}.MinSizeRel|x64.ActiveCfg = MinSizeRel|x64
		{0E420F48-ACA3-390F-94AC-6D2F0E1F96FC}.MinSizeRel|x64.Build.0 = MinSizeRel|x64
		{0E420F48-ACA3-390F-94AC-6D2F0E1F96FC}.RelWithDebInfo|x64.ActiveCfg = RelWithDebInfo|x64
		{0E420F48-ACA3-390F-94AC-6D2F0E1F96FC}.RelWithDebInfo|x64.Build.0 = RelWithDebInfo|x64
		{6B013B3A-3290-358E-8106-FBC39005B78F}.Debug|x64.ActiveCfg = Debug|x64
		{6B013B3A-3290-358E-8106-FBC39005B78F}.Debug|x64.Build.0 = Debug|x64
		{6B013B3A-3290-358E-8106-FBC39005B78F}.Release|x64.ActiveCfg = Release|x64
		{6B013B3A-3290-358E-8106-FBC39005B78F}.Release|x64.Build.0 = Release|x64
		{6B013B3A-3290-358E-8106-FBC39005B78F}.MinSizeRel|x64.ActiveCfg = MinSizeRel|x64
		{6B013B3A-3290-358E-8106-FBC39005B78F}.MinSizeRel|x64.Build.0 = MinSizeRel|x64
		{6B013B3A-3290-358E-8106-FBC39005B78F}.RelWithDebInfo|x64.ActiveCfg = RelWithDebInfo|x64
		{6B013B3A-3290-358E-8106-FBC39005B78F}.RelWithDebInfo|x64.Build.0 = RelWithDebInfo|x64
	EndGlobalSection
	GlobalSection(NestedProjects) = preSolution
		{2F4B16A6-381C-3C2C-BDE2-5EB2AC0C2208} = {87C40441-5642-363D-B3E2-D777664D45B6}
		{33C5CC35-FAC3-3F86-946C-3FABF89390DA} = {87C40441-5642-363D-B3E2-D777664D45B6}
		{87DEF544-3A9C-33A3-B613-E44980C985DD} = {87C40441-5642-363D-B3E2-D777664D45B6}
		{D01CBF68-3AE1-3839-A7BA-DACA8583E03F} = {87C40441-5642-363D-B3E2-D777664D45B6}
		{45C59E8C-69ED-3608-9DF3-D461C23A5B57} = {87C40441-5642-363D-B3E2-D777664D45B6}
		{A37911F5-1C4F-3283-AF6D-9A2506BFFA1E} = {D5677111-2278-3981-A549-A0DD93DC1A26}
		{ABD92305-01FC-37A5-AEB9-1A21B0A15A8D} = {D5677111-2278-3981-A549-A0DD93DC1A26}
		{4979CFF4-808F-359E-B07B-630C512E0DC4} = {D5677111-2278-3981-A549-A0DD93DC1A26}
		{AC329EE0-3320-387B-92D1-9ED2782A279F} = {D5677111-2278-3981-A549-A0DD93DC1A26}
		{EAC7AA8B-D90E-3B99-8779-82C4C0DC0CEF} = {D5677111-2278-3981-A549-A0DD93DC1A26}
		{B6D0F1AA-7FB3-311F-B186-A80384D03136} = {D5677111-2278-3981-A549-A0DD93DC1A26}
		{9C83B4D1-ABBC-3837-AE03-60AE4193A81E} = {D5677111-2278-3981-A549-A0DD93DC1A26}
		{46848758-13F8-3B0E-997B-8D48DB03F949} = {D5677111-2278-3981-A549-A0DD93DC1A26}
		{4AB87A2F-AEF7-3C6E-A6B6-303004E36E5B} = {D5677111-2278-3981-A549-A0DD93DC1A26}
		{0E420F48-ACA3-390F-94AC-6D2F0E1F96FC} = {D5677111-2278-3981-A549-A0DD93DC1A26}
		{6B013B3A-3290-358E-8106-FBC39005B78F} = {D5677111-2278-3981-A549-A0DD93DC1A26}
	EndGlobalSection
	GlobalSection(ExtensibilityGlobals) = postSolution
		SolutionGuid = {18B52FCE-BD59-3ECB-BCD1-3868A9F88A5D}
	EndGlobalSection
	GlobalSection(ExtensibilityAddIns) = postSolution
	EndGlobalSection
EndGlobal
