
Microsoft Visual Studio Solution File, Format Version 12.00
# Visual Studio Version 16
Project("{2150E333-8FDC-42A3-9474-1A3956D46DE8}") = "CMakePredefinedTargets", "CMakePredefinedTargets", "{87C40441-5642-363D-B3E2-D777664D45B6}"
EndProject
Project("{2150E333-8FDC-42A3-9474-1A3956D46DE8}") = "CTestDashboardTargets", "CTestDashboardTargets", "{196E8A6B-F14D-3A2D-AD2B-96E79B7E45B6}"
EndProject
Project("{2150E333-8FDC-42A3-9474-1A3956D46DE8}") = "ext", "ext", "{D5677111-2278-3981-A549-A0DD93DC1A26}"
EndProject
Project("{8BC9CEB8-8B4A-11D0-8D11-00A0C91BC942}") = "ALL_BUILD", "ALL_BUILD.vcxproj", "{2F4B16A6-381C-3C2C-BDE2-5EB2AC0C2208}"
	ProjectSection(ProjectDependencies) = postProject
		{A37911F5-1C4F-3283-AF6D-9A2506BFFA1E} = {A37911F5-1C4F-3283-AF6D-9A2506BFFA1E}
		{ABD92305-01FC-37A5-AEB9-1A21B0A15A8D} = {ABD92305-01FC-37A5-AEB9-1A21B0A15A8D}
		{4979CFF4-808F-359E-B07B-630C512E0DC4} = {4979CFF4-808F-359E-B07B-630C512E0DC4}
		{AC329EE0-3320-387B-92D1-9ED2782A279F} = {AC329EE0-3320-387B-92D1-9ED2782A279F}
		{53BD6C71-C81D-31D1-BEFC-AD02B06EA4CC} = {53BD6C71-C81D-31D1-BEFC-AD02B06EA4CC}
		{EAC7AA8B-D90E-3B99-8779-82C4C0DC0CEF} = {EAC7AA8B-D90E-3B99-8779-82C4C0DC0CEF}
		{B6D0F1AA-7FB3-311F-B186-A80384D03136} = {B6D0F1AA-7FB3-311F-B186-A80384D03136}
		{45E3B50E-C63A-3228-B474-F3DB35383370} = {45E3B50E-C63A-3228-B474-F3DB35383370}
		{45C59E8C-69ED-3608-9DF3-D461C23A5B57} = {45C59E8C-69ED-3608-9DF3-D461C23A5B57}
		{9C83B4D1-ABBC-3837-AE03-60AE4193A81E} = {9C83B4D1-ABBC-3837-AE03-60AE4193A81E}
		{09749E0E-8D22-3734-B60E-3DEB87B03FEA} = {09749E0E-8D22-3734-B60E-3DEB87B03FEA}
		{3D1A57F7-3328-38CE-A786-904F2551DCD5} = {3D1A57F7-3328-38CE-A786-904F2551DCD5}
		{2A724E8A-CD19-3C28-94A7-F00E1514D06B} = {2A724E8A-CD19-3C28-94A7-F00E1514D06B}
		{46848758-13F8-3B0E-997B-8D48DB03F949} = {46848758-13F8-3B0E-997B-8D48DB03F949}
		{4AB87A2F-AEF7-3C6E-A6B6-303004E36E5B} = {4AB87A2F-AEF7-3C6E-A6B6-303004E36E5B}
		{EE6340CE-5193-3BF6-92EF-13E8A4AA1C04} = {EE6340CE-5193-3BF6-92EF-13E8A4AA1C04}
		{6DFCD57B-B49A-3B4C-ACDF-44133A0C5E40} = {6DFCD57B-B49A-3B4C-ACDF-44133A0C5E40}
		{96A7EE14-C05B-3A0B-94C7-8259688D1BB1} = {96A7EE14-C05B-3A0B-94C7-8259688D1BB1}
		{ACC8A3B9-5EAD-343D-8BE6-3BDCEAD498CD} = {ACC8A3B9-5EAD-343D-8BE6-3BDCEAD498CD}
		{81458F8B-8DF1-30DC-A2DF-8F034325E980} = {81458F8B-8DF1-30DC-A2DF-8F034325E980}
		{427C9167-3931-3868-A85A-BCA63BA58123} = {427C9167-3931-3868-A85A-BCA63BA58123}
		{23307831-50FB-38D4-AB43-B32C71807F64} = {23307831-50FB-38D4-AB43-B32C71807F64}
		{CA8E41A2-0F9D-3558-B04D-2D6B5DDA61EA} = {CA8E41A2-0F9D-3558-B04D-2D6B5DDA61EA}
		{C1590DF5-169C-3511-A9BB-E94D6DB8A66F} = {C1590DF5-169C-3511-A9BB-E94D6DB8A66F}
		{EF94A051-CD1F-3D0E-BD00-CBF5A02534CB} = {EF94A051-CD1F-3D0E-BD00-CBF5A02534CB}
		{04E8B2CC-EFEC-3054-BD84-8635F7C5839B} = {04E8B2CC-EFEC-3054-BD84-8635F7C5839B}
		{380DB3C5-8CEA-34D7-83F8-60404ED2A073} = {380DB3C5-8CEA-34D7-83F8-60404ED2A073}
		{0E420F48-ACA3-390F-94AC-6D2F0E1F96FC} = {0E420F48-ACA3-390F-94AC-6D2F0E1F96FC}
		{C19B88D5-7F13-3004-8738-2EDF3397B925} = {C19B88D5-7F13-3004-8738-2EDF3397B925}
		{3AE3BFD0-AA11-30BE-AC58-CB33F7D5C20A} = {3AE3BFD0-AA11-30BE-AC58-CB33F7D5C20A}
		{6B013B3A-3290-358E-8106-FBC39005B78F} = {6B013B3A-3290-358E-8106-FBC39005B78F}
	EndProjectSection
EndProject
Project("{8BC9CEB8-8B4A-11D0-8D11-00A0C91BC942}") = "Continuous", "src\ext\ptex\Continuous.vcxproj", "{B077A959-C575-3351-B8F3-E9F1BAD5A1E8}"
	ProjectSection(ProjectDependencies) = postProject
		{45C59E8C-69ED-3608-9DF3-D461C23A5B57} = {45C59E8C-69ED-3608-9DF3-D461C23A5B57}
	EndProjectSection
EndProject
Project("{8BC9CEB8-8B4A-11D0-8D11-00A0C91BC942}") = "CopyIlmBaseLibs", "src\ext\openexr\CopyIlmBaseLibs.vcxproj", "{F806203D-61BD-3544-A0AD-F64790794A53}"
	ProjectSection(ProjectDependencies) = postProject
		{A37911F5-1C4F-3283-AF6D-9A2506BFFA1E} = {A37911F5-1C4F-3283-AF6D-9A2506BFFA1E}
		{ABD92305-01FC-37A5-AEB9-1A21B0A15A8D} = {ABD92305-01FC-37A5-AEB9-1A21B0A15A8D}
		{EAC7AA8B-D90E-3B99-8779-82C4C0DC0CEF} = {EAC7AA8B-D90E-3B99-8779-82C4C0DC0CEF}
		{B6D0F1AA-7FB3-311F-B186-A80384D03136} = {B6D0F1AA-7FB3-311F-B186-A80384D03136}
		{45C59E8C-69ED-3608-9DF3-D461C23A5B57} = {45C59E8C-69ED-3608-9DF3-D461C23A5B57}
	EndProjectSection
EndProject
Project("{8BC9CEB8-8B4A-11D0-8D11-00A0C91BC942}") = "Experimental", "src\ext\ptex\Experimental.vcxproj", "{D5332198-A75C-3875-9CCC-BFBA983A6B05}"
	ProjectSection(ProjectDependencies) = postProject
		{45C59E8C-69ED-3608-9DF3-D461C23A5B57} = {45C59E8C-69ED-3608-9DF3-D461C23A5B57}
	EndProjectSection
EndProject
Project("{8BC9CEB8-8B4A-11D0-8D11-00A0C91BC942}") = "Half", "src\ext\openexr\IlmBase\Half\Half.vcxproj", "{A37911F5-1C4F-3283-AF6D-9A2506BFFA1E}"
	ProjectSection(ProjectDependencies) = postProject
		{45C59E8C-69ED-3608-9DF3-D461C23A5B57} = {45C59E8C-69ED-3608-9DF3-D461C23A5B57}
		{4AB87A2F-AEF7-3C6E-A6B6-303004E36E5B} = {4AB87A2F-AEF7-3C6E-A6B6-303004E36E5B}
		{0E420F48-ACA3-390F-94AC-6D2F0E1F96FC} = {0E420F48-ACA3-390F-94AC-6D2F0E1F96FC}
	EndProjectSection
EndProject
Project("{8BC9CEB8-8B4A-11D0-8D11-00A0C91BC942}") = "INSTALL", "INSTALL.vcxproj", "{33C5CC35-FAC3-3F86-946C-3FABF89390DA}"
	ProjectSection(ProjectDependencies) = postProject
		{2F4B16A6-381C-3C2C-BDE2-5EB2AC0C2208} = {2F4B16A6-381C-3C2C-BDE2-5EB2AC0C2208}
		{45C59E8C-69ED-3608-9DF3-D461C23A5B57} = {45C59E8C-69ED-3608-9DF3-D461C23A5B57}
	EndProjectSection
EndProject
Project("{8BC9CEB8-8B4A-11D0-8D11-00A0C91BC942}") = "Iex", "src\ext\openexr\IlmBase\Iex\Iex.vcxproj", "{ABD92305-01FC-37A5-AEB9-1A21B0A15A8D}"
	ProjectSection(ProjectDependencies) = postProject
		{45C59E8C-69ED-3608-9DF3-D461C23A5B57} = {45C59E8C-69ED-3608-9DF3-D461C23A5B57}
	EndProjectSection
EndProject
Project("{8BC9CEB8-8B4A-11D0-8D11-00A0C91BC942}") = "IexMath", "src\ext\openexr\IlmBase\IexMath\IexMath.vcxproj", "{4979CFF4-808F-359E-B07B-630C512E0DC4}"
	ProjectSection(ProjectDependencies) = postProject
		{ABD92305-01FC-37A5-AEB9-1A21B0A15A8D} = {ABD92305-01FC-37A5-AEB9-1A21B0A15A8D}
		{45C59E8C-69ED-3608-9DF3-D461C23A5B57} = {45C59E8C-69ED-3608-9DF3-D461C23A5B57}
	EndProjectSection
EndProject
Project("{8BC9CEB8-8B4A-11D0-8D11-00A0C91BC942}") = "IlmImf", "src\ext\openexr\OpenEXR\IlmImf\IlmImf.vcxproj", "{AC329EE0-3320-387B-92D1-9ED2782A279F}"
	ProjectSection(ProjectDependencies) = postProject
		{A37911F5-1C4F-3283-AF6D-9A2506BFFA1E} = {A37911F5-1C4F-3283-AF6D-9A2506BFFA1E}
		{ABD92305-01FC-37A5-AEB9-1A21B0A15A8D} = {ABD92305-01FC-37A5-AEB9-1A21B0A15A8D}
		{53BD6C71-C81D-31D1-BEFC-AD02B06EA4CC} = {53BD6C71-C81D-31D1-BEFC-AD02B06EA4CC}
		{EAC7AA8B-D90E-3B99-8779-82C4C0DC0CEF} = {EAC7AA8B-D90E-3B99-8779-82C4C0DC0CEF}
		{B6D0F1AA-7FB3-311F-B186-A80384D03136} = {B6D0F1AA-7FB3-311F-B186-A80384D03136}
		{45C59E8C-69ED-3608-9DF3-D461C23A5B57} = {45C59E8C-69ED-3608-9DF3-D461C23A5B57}
		{9C83B4D1-ABBC-3837-AE03-60AE4193A81E} = {9C83B4D1-ABBC-3837-AE03-60AE4193A81E}
		{46848758-13F8-3B0E-997B-8D48DB03F949} = {46848758-13F8-3B0E-997B-8D48DB03F949}
		{6B013B3A-3290-358E-8106-FBC39005B78F} = {6B013B3A-3290-358E-8106-FBC39005B78F}
	EndProjectSection
EndProject
Project("{8BC9CEB8-8B4A-11D0-8D11-00A0C91BC942}") = "IlmImf-obj", "src\ext\openexr\OpenEXR\IlmImf\IlmImf-obj.vcxproj", "{53BD6C71-C81D-31D1-BEFC-AD02B06EA4CC}"
	ProjectSection(ProjectDependencies) = postProject
		{45C59E8C-69ED-3608-9DF3-D461C23A5B57} = {45C59E8C-69ED-3608-9DF3-D461C23A5B57}
	EndProjectSection
EndProject
Project("{8BC9CEB8-8B4A-11D0-8D11-00A0C91BC942}") = "IlmThread", "src\ext\openexr\IlmBase\IlmThread\IlmThread.vcxproj", "{EAC7AA8B-D90E-3B99-8779-82C4C0DC0CEF}"
	ProjectSection(ProjectDependencies) = postProject
		{ABD92305-01FC-37A5-AEB9-1A21B0A15A8D} = {ABD92305-01FC-37A5-AEB9-1A21B0A15A8D}
		{45C59E8C-69ED-3608-9DF3-D461C23A5B57} = {45C59E8C-69ED-3608-9DF3-D461C23A5B57}
	EndProjectSection
EndProject
Project("{8BC9CEB8-8B4A-11D0-8D11-00A0C91BC942}") = "Imath", "src\ext\openexr\IlmBase\Imath\Imath.vcxproj", "{B6D0F1AA-7FB3-311F-B186-A80384D03136}"
	ProjectSection(ProjectDependencies) = postProject
		{ABD92305-01FC-37A5-AEB9-1A21B0A15A8D} = {ABD92305-01FC-37A5-AEB9-1A21B0A15A8D}
		{45C59E8C-69ED-3608-9DF3-D461C23A5B57} = {45C59E8C-69ED-3608-9DF3-D461C23A5B57}
	EndProjectSection
EndProject
Project("{8BC9CEB8-8B4A-11D0-8D11-00A0C91BC942}") = "Nightly", "src\ext\ptex\Nightly.vcxproj", "{D1444B7E-66CE-305B-A2DB-6AC49C53538C}"
	ProjectSection(ProjectDependencies) = postProject
		{45C59E8C-69ED-3608-9DF3-D461C23A5B57} = {45C59E8C-69ED-3608-9DF3-D461C23A5B57}
	EndProjectSection
EndProject
Project("{8BC9CEB8-8B4A-11D0-8D11-00A0C91BC942}") = "NightlyMemoryCheck", "src\ext\ptex\NightlyMemoryCheck.vcxproj", "{EC32D150-A5B3-3693-84A8-66183171B91D}"
	ProjectSection(ProjectDependencies) = postProject
		{45C59E8C-69ED-3608-9DF3-D461C23A5B57} = {45C59E8C-69ED-3608-9DF3-D461C23A5B57}
	EndProjectSection
EndProject
Project("{8BC9CEB8-8B4A-11D0-8D11-00A0C91BC942}") = "PACKAGE", "PACKAGE.vcxproj", "{87DEF544-3A9C-33A3-B613-E44980C985DD}"
	ProjectSection(ProjectDependencies) = postProject
		{2F4B16A6-381C-3C2C-BDE2-5EB2AC0C2208} = {2F4B16A6-381C-3C2C-BDE2-5EB2AC0C2208}
		{45C59E8C-69ED-3608-9DF3-D461C23A5B57} = {45C59E8C-69ED-3608-9DF3-D461C23A5B57}
	EndProjectSection
EndProject
Project("{8BC9CEB8-8B4A-11D0-8D11-00A0C91BC942}") = "Ptex_static", "src\ext\ptex\src\ptex\Ptex_static.vcxproj", "{45E3B50E-C63A-3228-B474-F3DB35383370}"
	ProjectSection(ProjectDependencies) = postProject
		{45C59E8C-69ED-3608-9DF3-D461C23A5B57} = {45C59E8C-69ED-3608-9DF3-D461C23A5B57}
		{6B013B3A-3290-358E-8106-FBC39005B78F} = {6B013B3A-3290-358E-8106-FBC39005B78F}
	EndProjectSection
EndProject
Project("{8BC9CEB8-8B4A-11D0-8D11-00A0C91BC942}") = "RUN_TESTS", "RUN_TESTS.vcxproj", "{D01CBF68-3AE1-3839-A7BA-DACA8583E03F}"
	ProjectSection(ProjectDependencies) = postProject
		{45C59E8C-69ED-3608-9DF3-D461C23A5B57} = {45C59E8C-69ED-3608-9DF3-D461C23A5B57}
	EndProjectSection
EndProject
Project("{8BC9CEB8-8B4A-11D0-8D11-00A0C91BC942}") = "ZERO_CHECK", "ZERO_CHECK.vcxproj", "{45C59E8C-69ED-3608-9DF3-D461C23A5B57}"
	ProjectSection(ProjectDependencies) = postProject
	EndProjectSection
EndProject
Project("{8BC9CEB8-8B4A-11D0-8D11-00A0C91BC942}") = "b44ExpLogTable", "src\ext\openexr\OpenEXR\IlmImf\b44ExpLogTable.vcxproj", "{9C83B4D1-ABBC-3837-AE03-60AE4193A81E}"
	ProjectSection(ProjectDependencies) = postProject
		{F806203D-61BD-3544-A0AD-F64790794A53} = {F806203D-61BD-3544-A0AD-F64790794A53}
		{A37911F5-1C4F-3283-AF6D-9A2506BFFA1E} = {A37911F5-1C4F-3283-AF6D-9A2506BFFA1E}
		{ABD92305-01FC-37A5-AEB9-1A21B0A15A8D} = {ABD92305-01FC-37A5-AEB9-1A21B0A15A8D}
		{EAC7AA8B-D90E-3B99-8779-82C4C0DC0CEF} = {EAC7AA8B-D90E-3B99-8779-82C4C0DC0CEF}
		{45C59E8C-69ED-3608-9DF3-D461C23A5B57} = {45C59E8C-69ED-3608-9DF3-D461C23A5B57}
	EndProjectSection
EndProject
Project("{8BC9CEB8-8B4A-11D0-8D11-00A0C91BC942}") = "bsdftest", "bsdftest.vcxproj", "{09749E0E-8D22-3734-B60E-3DEB87B03FEA}"
	ProjectSection(ProjectDependencies) = postProject
		{A37911F5-1C4F-3283-AF6D-9A2506BFFA1E} = {A37911F5-1C4F-3283-AF6D-9A2506BFFA1E}
		{ABD92305-01FC-37A5-AEB9-1A21B0A15A8D} = {ABD92305-01FC-37A5-AEB9-1A21B0A15A8D}
		{AC329EE0-3320-387B-92D1-9ED2782A279F} = {AC329EE0-3320-387B-92D1-9ED2782A279F}
		{EAC7AA8B-D90E-3B99-8779-82C4C0DC0CEF} = {EAC7AA8B-D90E-3B99-8779-82C4C0DC0CEF}
		{B6D0F1AA-7FB3-311F-B186-A80384D03136} = {B6D0F1AA-7FB3-311F-B186-A80384D03136}
		{45E3B50E-C63A-3228-B474-F3DB35383370} = {45E3B50E-C63A-3228-B474-F3DB35383370}
		{45C59E8C-69ED-3608-9DF3-D461C23A5B57} = {45C59E8C-69ED-3608-9DF3-D461C23A5B57}
		{6DFCD57B-B49A-3B4C-ACDF-44133A0C5E40} = {6DFCD57B-B49A-3B4C-ACDF-44133A0C5E40}
		{23307831-50FB-38D4-AB43-B32C71807F64} = {23307831-50FB-38D4-AB43-B32C71807F64}
		{6B013B3A-3290-358E-8106-FBC39005B78F} = {6B013B3A-3290-358E-8106-FBC39005B78F}
	EndProjectSection
EndProject
Project("{8BC9CEB8-8B4A-11D0-8D11-00A0C91BC942}") = "cyhair2pbrt", "cyhair2pbrt.vcxproj", "{3D1A57F7-3328-38CE-A786-904F2551DCD5}"
	ProjectSection(ProjectDependencies) = postProject
		{45C59E8C-69ED-3608-9DF3-D461C23A5B57} = {45C59E8C-69ED-3608-9DF3-D461C23A5B57}
	EndProjectSection
EndProject
Project("{8BC9CEB8-8B4A-11D0-8D11-00A0C91BC942}") = "demangle_unittest", "src\ext\glog\demangle_unittest.vcxproj", "{2A724E8A-CD19-3C28-94A7-F00E1514D06B}"
	ProjectSection(ProjectDependencies) = postProject
		{45C59E8C-69ED-3608-9DF3-D461C23A5B57} = {45C59E8C-69ED-3608-9DF3-D461C23A5B57}
		{6DFCD57B-B49A-3B4C-ACDF-44133A0C5E40} = {6DFCD57B-B49A-3B4C-ACDF-44133A0C5E40}
	EndProjectSection
EndProject
Project("{8BC9CEB8-8B4A-11D0-8D11-00A0C91BC942}") = "dwaLookups", "src\ext\openexr\OpenEXR\IlmImf\dwaLookups.vcxproj", "{46848758-13F8-3B0E-997B-8D48DB03F949}"
	ProjectSection(ProjectDependencies) = postProject
		{F806203D-61BD-3544-A0AD-F64790794A53} = {F806203D-61BD-3544-A0AD-F64790794A53}
		{A37911F5-1C4F-3283-AF6D-9A2506BFFA1E} = {A37911F5-1C4F-3283-AF6D-9A2506BFFA1E}
		{ABD92305-01FC-37A5-AEB9-1A21B0A15A8D} = {ABD92305-01FC-37A5-AEB9-1A21B0A15A8D}
		{EAC7AA8B-D90E-3B99-8779-82C4C0DC0CEF} = {EAC7AA8B-D90E-3B99-8779-82C4C0DC0CEF}
		{45C59E8C-69ED-3608-9DF3-D461C23A5B57} = {45C59E8C-69ED-3608-9DF3-D461C23A5B57}
	EndProjectSection
EndProject
Project("{8BC9CEB8-8B4A-11D0-8D11-00A0C91BC942}") = "eLut", "src\ext\openexr\IlmBase\Half\eLut.vcxproj", "{4AB87A2F-AEF7-3C6E-A6B6-303004E36E5B}"
	ProjectSection(ProjectDependencies) = postProject
		{45C59E8C-69ED-3608-9DF3-D461C23A5B57} = {45C59E8C-69ED-3608-9DF3-D461C23A5B57}
	EndProjectSection
EndProject
Project("{8BC9CEB8-8B4A-11D0-8D11-00A0C91BC942}") = "ftest", "src\ext\ptex\src\tests\ftest.vcxproj", "{EE6340CE-5193-3BF6-92EF-13E8A4AA1C04}"
	ProjectSection(ProjectDependencies) = postProject
		{45E3B50E-C63A-3228-B474-F3DB35383370} = {45E3B50E-C63A-3228-B474-F3DB35383370}
		{45C59E8C-69ED-3608-9DF3-D461C23A5B57} = {45C59E8C-69ED-3608-9DF3-D461C23A5B57}
		{6B013B3A-3290-358E-8106-FBC39005B78F} = {6B013B3A-3290-358E-8106-FBC39005B78F}
	EndProjectSection
EndProject
Project("{8BC9CEB8-8B4A-11D0-8D11-00A0C91BC942}") = "glog", "src\ext\glog\glog.vcxproj", "{6DFCD57B-B49A-3B4C-ACDF-44133A0C5E40}"
	ProjectSection(ProjectDependencies) = postProject
		{45C59E8C-69ED-3608-9DF3-D461C23A5B57} = {45C59E8C-69ED-3608-9DF3-D461C23A5B57}
	EndProjectSection
EndProject
Project("{8BC9CEB8-8B4A-11D0-8D11-00A0C91BC942}") = "halftest", "src\ext\ptex\src\tests\halftest.vcxproj", "{96A7EE14-C05B-3A0B-94C7-8259688D1BB1}"
	ProjectSection(ProjectDependencies) = postProject
		{45E3B50E-C63A-3228-B474-F3DB35383370} = {45E3B50E-C63A-3228-B474-F3DB35383370}
		{45C59E8C-69ED-3608-9DF3-D461C23A5B57} = {45C59E8C-69ED-3608-9DF3-D461C23A5B57}
		{6B013B3A-3290-358E-8106-FBC39005B78F} = {6B013B3A-3290-358E-8106-FBC39005B78F}
	EndProjectSection
EndProject
Project("{8BC9CEB8-8B4A-11D0-8D11-00A0C91BC942}") = "imgtool", "imgtool.vcxproj", "{ACC8A3B9-5EAD-343D-8BE6-3BDCEAD498CD}"
	ProjectSection(ProjectDependencies) = postProject
		{A37911F5-1C4F-3283-AF6D-9A2506BFFA1E} = {A37911F5-1C4F-3283-AF6D-9A2506BFFA1E}
		{ABD92305-01FC-37A5-AEB9-1A21B0A15A8D} = {ABD92305-01FC-37A5-AEB9-1A21B0A15A8D}
		{AC329EE0-3320-387B-92D1-9ED2782A279F} = {AC329EE0-3320-387B-92D1-9ED2782A279F}
		{EAC7AA8B-D90E-3B99-8779-82C4C0DC0CEF} = {EAC7AA8B-D90E-3B99-8779-82C4C0DC0CEF}
		{B6D0F1AA-7FB3-311F-B186-A80384D03136} = {B6D0F1AA-7FB3-311F-B186-A80384D03136}
		{45E3B50E-C63A-3228-B474-F3DB35383370} = {45E3B50E-C63A-3228-B474-F3DB35383370}
		{45C59E8C-69ED-3608-9DF3-D461C23A5B57} = {45C59E8C-69ED-3608-9DF3-D461C23A5B57}
		{6DFCD57B-B49A-3B4C-ACDF-44133A0C5E40} = {6DFCD57B-B49A-3B4C-ACDF-44133A0C5E40}
		{23307831-50FB-38D4-AB43-B32C71807F64} = {23307831-50FB-38D4-AB43-B32C71807F64}
		{6B013B3A-3290-358E-8106-FBC39005B78F} = {6B013B3A-3290-358E-8106-FBC39005B78F}
	EndProjectSection
EndProject
Project("{8BC9CEB8-8B4A-11D0-8D11-00A0C91BC942}") = "logging_unittest", "src\ext\glog\logging_unittest.vcxproj", "{81458F8B-8DF1-30DC-A2DF-8F034325E980}"
	ProjectSection(ProjectDependencies) = postProject
		{45C59E8C-69ED-3608-9DF3-D461C23A5B57} = {45C59E8C-69ED-3608-9DF3-D461C23A5B57}
		{6DFCD57B-B49A-3B4C-ACDF-44133A0C5E40} = {6DFCD57B-B49A-3B4C-ACDF-44133A0C5E40}
	EndProjectSection
EndProject
Project("{8BC9CEB8-8B4A-11D0-8D11-00A0C91BC942}") = "obj2pbrt", "obj2pbrt.vcxproj", "{427C9167-3931-3868-A85A-BCA63BA58123}"
	ProjectSection(ProjectDependencies) = postProject
		{45C59E8C-69ED-3608-9DF3-D461C23A5B57} = {45C59E8C-69ED-3608-9DF3-D461C23A5B57}
	EndProjectSection
EndProject
Project("{8BC9CEB8-8B4A-11D0-8D11-00A0C91BC942}") = "pbrt", "pbrt.vcxproj", "{23307831-50FB-38D4-AB43-B32C71807F64}"
	ProjectSection(ProjectDependencies) = postProject
		{45C59E8C-69ED-3608-9DF3-D461C23A5B57} = {45C59E8C-69ED-3608-9DF3-D461C23A5B57}
	EndProjectSection
EndProject
Project("{8BC9CEB8-8B4A-11D0-8D11-00A0C91BC942}") = "pbrt_exe", "pbrt_exe.vcxproj", "{CA8E41A2-0F9D-3558-B04D-2D6B5DDA61EA}"
	ProjectSection(ProjectDependencies) = postProject
		{A37911F5-1C4F-3283-AF6D-9A2506BFFA1E} = {A37911F5-1C4F-3283-AF6D-9A2506BFFA1E}
		{ABD92305-01FC-37A5-AEB9-1A21B0A15A8D} = {ABD92305-01FC-37A5-AEB9-1A21B0A15A8D}
		{AC329EE0-3320-387B-92D1-9ED2782A279F} = {AC329EE0-3320-387B-92D1-9ED2782A279F}
		{EAC7AA8B-D90E-3B99-8779-82C4C0DC0CEF} = {EAC7AA8B-D90E-3B99-8779-82C4C0DC0CEF}
		{B6D0F1AA-7FB3-311F-B186-A80384D03136} = {B6D0F1AA-7FB3-311F-B186-A80384D03136}
		{45E3B50E-C63A-3228-B474-F3DB35383370} = {45E3B50E-C63A-3228-B474-F3DB35383370}
		{45C59E8C-69ED-3608-9DF3-D461C23A5B57} = {45C59E8C-69ED-3608-9DF3-D461C23A5B57}
		{6DFCD57B-B49A-3B4C-ACDF-44133A0C5E40} = {6DFCD57B-B49A-3B4C-ACDF-44133A0C5E40}
		{23307831-50FB-38D4-AB43-B32C71807F64} = {23307831-50FB-38D4-AB43-B32C71807F64}
		{6B013B3A-3290-358E-8106-FBC39005B78F} = {6B013B3A-3290-358E-8106-FBC39005B78F}
	EndProjectSection
EndProject
Project("{8BC9CEB8-8B4A-11D0-8D11-00A0C91BC942}") = "pbrt_test", "pbrt_test.vcxproj", "{C1590DF5-169C-3511-A9BB-E94D6DB8A66F}"
	ProjectSection(ProjectDependencies) = postProject
		{A37911F5-1C4F-3283-AF6D-9A2506BFFA1E} = {A37911F5-1C4F-3283-AF6D-9A2506BFFA1E}
		{ABD92305-01FC-37A5-AEB9-1A21B0A15A8D} = {ABD92305-01FC-37A5-AEB9-1A21B0A15A8D}
		{AC329EE0-3320-387B-92D1-9ED2782A279F} = {AC329EE0-3320-387B-92D1-9ED2782A279F}
		{EAC7AA8B-D90E-3B99-8779-82C4C0DC0CEF} = {EAC7AA8B-D90E-3B99-8779-82C4C0DC0CEF}
		{B6D0F1AA-7FB3-311F-B186-A80384D03136} = {B6D0F1AA-7FB3-311F-B186-A80384D03136}
		{45E3B50E-C63A-3228-B474-F3DB35383370} = {45E3B50E-C63A-3228-B474-F3DB35383370}
		{45C59E8C-69ED-3608-9DF3-D461C23A5B57} = {45C59E8C-69ED-3608-9DF3-D461C23A5B57}
		{6DFCD57B-B49A-3B4C-ACDF-44133A0C5E40} = {6DFCD57B-B49A-3B4C-ACDF-44133A0C5E40}
		{23307831-50FB-38D4-AB43-B32C71807F64} = {23307831-50FB-38D4-AB43-B32C71807F64}
		{6B013B3A-3290-358E-8106-FBC39005B78F} = {6B013B3A-3290-358E-8106-FBC39005B78F}
	EndProjectSection
EndProject
Project("{8BC9CEB8-8B4A-11D0-8D11-00A0C91BC942}") = "ptxinfo", "src\ext\ptex\src\utils\ptxinfo.vcxproj", "{EF94A051-CD1F-3D0E-BD00-CBF5A02534CB}"
	ProjectSection(ProjectDependencies) = postProject
		{45E3B50E-C63A-3228-B474-F3DB35383370} = {45E3B50E-C63A-3228-B474-F3DB35383370}
		{45C59E8C-69ED-3608-9DF3-D461C23A5B57} = {45C59E8C-69ED-3608-9DF3-D461C23A5B57}
		{6B013B3A-3290-358E-8106-FBC39005B78F} = {6B013B3A-3290-358E-8106-FBC39005B78F}
	EndProjectSection
EndProject
Project("{8BC9CEB8-8B4A-11D0-8D11-00A0C91BC942}") = "rtest", "src\ext\ptex\src\tests\rtest.vcxproj", "{04E8B2CC-EFEC-3054-BD84-8635F7C5839B}"
	ProjectSection(ProjectDependencies) = postProject
		{45E3B50E-C63A-3228-B474-F3DB35383370} = {45E3B50E-C63A-3228-B474-F3DB35383370}
		{45C59E8C-69ED-3608-9DF3-D461C23A5B57} = {45C59E8C-69ED-3608-9DF3-D461C23A5B57}
		{6B013B3A-3290-358E-8106-FBC39005B78F} = {6B013B3A-3290-358E-8106-FBC39005B78F}
	EndProjectSection
EndProject
Project("{8BC9CEB8-8B4A-11D0-8D11-00A0C91BC942}") = "stl_logging_unittest", "src\ext\glog\stl_logging_unittest.vcxproj", "{380DB3C5-8CEA-34D7-83F8-60404ED2A073}"
	ProjectSection(ProjectDependencies) = postProject
		{45C59E8C-69ED-3608-9DF3-D461C23A5B57} = {45C59E8C-69ED-3608-9DF3-D461C23A5B57}
		{6DFCD57B-B49A-3B4C-ACDF-44133A0C5E40} = {6DFCD57B-B49A-3B4C-ACDF-44133A0C5E40}
	EndProjectSection
EndProject
Project("{8BC9CEB8-8B4A-11D0-8D11-00A0C91BC942}") = "toFloat", "src\ext\openexr\IlmBase\Half\toFloat.vcxproj", "{0E420F48-ACA3-390F-94AC-6D2F0E1F96FC}"
	ProjectSection(ProjectDependencies) = postProject
		{45C59E8C-69ED-3608-9DF3-D461C23A5B57} = {45C59E8C-69ED-3608-9DF3-D461C23A5B57}
	EndProjectSection
EndProject
Project("{8BC9CEB8-8B4A-11D0-8D11-00A0C91BC942}") = "utilities_unittest", "src\ext\glog\utilities_unittest.vcxproj", "{C19B88D5-7F13-3004-8738-2EDF3397B925}"
	ProjectSection(ProjectDependencies) = postProject
		{45C59E8C-69ED-3608-9DF3-D461C23A5B57} = {45C59E8C-69ED-3608-9DF3-D461C23A5B57}
		{6DFCD57B-B49A-3B4C-ACDF-44133A0C5E40} = {6DFCD57B-B49A-3B4C-ACDF-44133A0C5E40}
	EndProjectSection
EndProject
Project("{8BC9CEB8-8B4A-11D0-8D11-00A0C91BC942}") = "wtest", "src\ext\ptex\src\tests\wtest.vcxproj", "{3AE3BFD0-AA11-30BE-AC58-CB33F7D5C20A}"
	ProjectSection(ProjectDependencies) = postProject
		{45E3B50E-C63A-3228-B474-F3DB35383370} = {45E3B50E-C63A-3228-B474-F3DB35383370}
		{45C59E8C-69ED-3608-9DF3-D461C23A5B57} = {45C59E8C-69ED-3608-9DF3-D461C23A5B57}
		{6B013B3A-3290-358E-8106-FBC39005B78F} = {6B013B3A-3290-358E-8106-FBC39005B78F}
	EndProjectSection
EndProject
Project("{8BC9CEB8-8B4A-11D0-8D11-00A0C91BC942}") = "zlibstatic", "src\ext\zlib\zlibstatic.vcxproj", "{6B013B3A-3290-358E-8106-FBC39005B78F}"
	ProjectSection(ProjectDependencies) = postProject
		{45C59E8C-69ED-3608-9DF3-D461C23A5B57} = {45C59E8C-69ED-3608-9DF3-D461C23A5B57}
	EndProjectSection
EndProject
Global
	GlobalSection(SolutionConfigurationPlatforms) = preSolution
		Debug|x64 = Debug|x64
		Release|x64 = Release|x64
		MinSizeRel|x64 = MinSizeRel|x64
		RelWithDebInfo|x64 = RelWithDebInfo|x64
	EndGlobalSection
	GlobalSection(ProjectConfigurationPlatforms) = postSolution
		{2F4B16A6-381C-3C2C-BDE2-5EB2AC0C2208}.Debug|x64.ActiveCfg = Debug|x64
		{2F4B16A6-381C-3C2C-BDE2-5EB2AC0C2208}.Debug|x64.Build.0 = Debug|x64
		{2F4B16A6-381C-3C2C-BDE2-5EB2AC0C2208}.Release|x64.ActiveCfg = Release|x64
		{2F4B16A6-381C-3C2C-BDE2-5EB2AC0C2208}.Release|x64.Build.0 = Release|x64
		{2F4B16A6-381C-3C2C-BDE2-5EB2AC0C2208}.MinSizeRel|x64.ActiveCfg = MinSizeRel|x64
		{2F4B16A6-381C-3C2C-BDE2-5EB2AC0C2208}.MinSizeRel|x64.Build.0 = MinSizeRel|x64
		{2F4B16A6-381C-3C2C-BDE2-5EB2AC0C2208}.RelWithDebInfo|x64.ActiveCfg = RelWithDebInfo|x64
		{2F4B16A6-381C-3C2C-BDE2-5EB2AC0C2208}.RelWithDebInfo|x64.Build.0 = RelWithDebInfo|x64
		{B077A959-C575-3351-B8F3-E9F1BAD5A1E8}.Debug|x64.ActiveCfg = Debug|x64
		{B077A959-C575-3351-B8F3-E9F1BAD5A1E8}.Release|x64.ActiveCfg = Release|x64
		{B077A959-C575-3351-B8F3-E9F1BAD5A1E8}.MinSizeRel|x64.ActiveCfg = MinSizeRel|x64
		{B077A959-C575-3351-B8F3-E9F1BAD5A1E8}.RelWithDebInfo|x64.ActiveCfg = RelWithDebInfo|x64
		{F806203D-61BD-3544-A0AD-F64790794A53}.Debug|x64.ActiveCfg = Debug|x64
		{F806203D-61BD-3544-A0AD-F64790794A53}.Debug|x64.Build.0 = Debug|x64
		{F806203D-61BD-3544-A0AD-F64790794A53}.Release|x64.ActiveCfg = Release|x64
		{F806203D-61BD-3544-A0AD-F64790794A53}.Release|x64.Build.0 = Release|x64
		{F806203D-61BD-3544-A0AD-F64790794A53}.MinSizeRel|x64.ActiveCfg = MinSizeRel|x64
		{F806203D-61BD-3544-A0AD-F64790794A53}.MinSizeRel|x64.Build.0 = MinSizeRel|x64
		{F806203D-61BD-3544-A0AD-F64790794A53}.RelWithDebInfo|x64.ActiveCfg = RelWithDebInfo|x64
		{F806203D-61BD-3544-A0AD-F64790794A53}.RelWithDebInfo|x64.Build.0 = RelWithDebInfo|x64
		{D5332198-A75C-3875-9CCC-BFBA983A6B05}.Debug|x64.ActiveCfg = Debug|x64
		{D5332198-A75C-3875-9CCC-BFBA983A6B05}.Release|x64.ActiveCfg = Release|x64
		{D5332198-A75C-3875-9CCC-BFBA983A6B05}.MinSizeRel|x64.ActiveCfg = MinSizeRel|x64
		{D5332198-A75C-3875-9CCC-BFBA983A6B05}.RelWithDebInfo|x64.ActiveCfg = RelWithDebInfo|x64
		{A37911F5-1C4F-3283-AF6D-9A2506BFFA1E}.Debug|x64.ActiveCfg = Debug|x64
		{A37911F5-1C4F-3283-AF6D-9A2506BFFA1E}.Debug|x64.Build.0 = Debug|x64
		{A37911F5-1C4F-3283-AF6D-9A2506BFFA1E}.Release|x64.ActiveCfg = Release|x64
		{A37911F5-1C4F-3283-AF6D-9A2506BFFA1E}.Release|x64.Build.0 = Release|x64
		{A37911F5-1C4F-3283-AF6D-9A2506BFFA1E}.MinSizeRel|x64.ActiveCfg = MinSizeRel|x64
		{A37911F5-1C4F-3283-AF6D-9A2506BFFA1E}.MinSizeRel|x64.Build.0 = MinSizeRel|x64
		{A37911F5-1C4F-3283-AF6D-9A2506BFFA1E}.RelWithDebInfo|x64.ActiveCfg = RelWithDebInfo|x64
		{A37911F5-1C4F-3283-AF6D-9A2506BFFA1E}.RelWithDebInfo|x64.Build.0 = RelWithDebInfo|x64
		{33C5CC35-FAC3-3F86-946C-3FABF89390DA}.Debug|x64.ActiveCfg = Debug|x64
		{33C5CC35-FAC3-3F86-946C-3FABF89390DA}.Release|x64.ActiveCfg = Release|x64
		{33C5CC35-FAC3-3F86-946C-3FABF89390DA}.MinSizeRel|x64.ActiveCfg = MinSizeRel|x64
		{33C5CC35-FAC3-3F86-946C-3FABF89390DA}.RelWithDebInfo|x64.ActiveCfg = RelWithDebInfo|x64
		{ABD92305-01FC-37A5-AEB9-1A21B0A15A8D}.Debug|x64.ActiveCfg = Debug|x64
		{ABD92305-01FC-37A5-AEB9-1A21B0A15A8D}.Debug|x64.Build.0 = Debug|x64
		{ABD92305-01FC-37A5-AEB9-1A21B0A15A8D}.Release|x64.ActiveCfg = Release|x64
		{ABD92305-01FC-37A5-AEB9-1A21B0A15A8D}.Release|x64.Build.0 = Release|x64
		{ABD92305-01FC-37A5-AEB9-1A21B0A15A8D}.MinSizeRel|x64.ActiveCfg = MinSizeRel|x64
		{ABD92305-01FC-37A5-AEB9-1A21B0A15A8D}.MinSizeRel|x64.Build.0 = MinSizeRel|x64
		{ABD92305-01FC-37A5-AEB9-1A21B0A15A8D}.RelWithDebInfo|x64.ActiveCfg = RelWithDebInfo|x64
		{ABD92305-01FC-37A5-AEB9-1A21B0A15A8D}.RelWithDebInfo|x64.Build.0 = RelWithDebInfo|x64
		{4979CFF4-808F-359E-B07B-630C512E0DC4}.Debug|x64.ActiveCfg = Debug|x64
		{4979CFF4-808F-359E-B07B-630C512E0DC4}.Debug|x64.Build.0 = Debug|x64
		{4979CFF4-808F-359E-B07B-630C512E0DC4}.Release|x64.ActiveCfg = Release|x64
		{4979CFF4-808F-359E-B07B-630C512E0DC4}.Release|x64.Build.0 = Release|x64
		{4979CFF4-808F-359E-B07B-630C512E0DC4}.MinSizeRel|x64.ActiveCfg = MinSizeRel|x64
		{4979CFF4-808F-359E-B07B-630C512E0DC4}.MinSizeRel|x64.Build.0 = MinSizeRel|x64
		{4979CFF4-808F-359E-B07B-630C512E0DC4}.RelWithDebInfo|x64.ActiveCfg = RelWithDebInfo|x64
		{4979CFF4-808F-359E-B07B-630C512E0DC4}.RelWithDebInfo|x64.Build.0 = RelWithDebInfo|x64
		{AC329EE0-3320-387B-92D1-9ED2782A279F}.Debug|x64.ActiveCfg = Debug|x64
		{AC329EE0-3320-387B-92D1-9ED2782A279F}.Debug|x64.Build.0 = Debug|x64
		{AC329EE0-3320-387B-92D1-9ED2782A279F}.Release|x64.ActiveCfg = Release|x64
		{AC329EE0-3320-387B-92D1-9ED2782A279F}.Release|x64.Build.0 = Release|x64
		{AC329EE0-3320-387B-92D1-9ED2782A279F}.MinSizeRel|x64.ActiveCfg = MinSizeRel|x64
		{AC329EE0-3320-387B-92D1-9ED2782A279F}.MinSizeRel|x64.Build.0 = MinSizeRel|x64
		{AC329EE0-3320-387B-92D1-9ED2782A279F}.RelWithDebInfo|x64.ActiveCfg = RelWithDebInfo|x64
		{AC329EE0-3320-387B-92D1-9ED2782A279F}.RelWithDebInfo|x64.Build.0 = RelWithDebInfo|x64
		{53BD6C71-C81D-31D1-BEFC-AD02B06EA4CC}.Debug|x64.ActiveCfg = Debug|x64
		{53BD6C71-C81D-31D1-BEFC-AD02B06EA4CC}.Debug|x64.Build.0 = Debug|x64
		{53BD6C71-C81D-31D1-BEFC-AD02B06EA4CC}.Release|x64.ActiveCfg = Release|x64
		{53BD6C71-C81D-31D1-BEFC-AD02B06EA4CC}.Release|x64.Build.0 = Release|x64
		{53BD6C71-C81D-31D1-BEFC-AD02B06EA4CC}.MinSizeRel|x64.ActiveCfg = MinSizeRel|x64
		{53BD6C71-C81D-31D1-BEFC-AD02B06EA4CC}.MinSizeRel|x64.Build.0 = MinSizeRel|x64
		{53BD6C71-C81D-31D1-BEFC-AD02B06EA4CC}.RelWithDebInfo|x64.ActiveCfg = RelWithDebInfo|x64
		{53BD6C71-C81D-31D1-BEFC-AD02B06EA4CC}.RelWithDebInfo|x64.Build.0 = RelWithDebInfo|x64
		{EAC7AA8B-D90E-3B99-8779-82C4C0DC0CEF}.Debug|x64.ActiveCfg = Debug|x64
		{EAC7AA8B-D90E-3B99-8779-82C4C0DC0CEF}.Debug|x64.Build.0 = Debug|x64
		{EAC7AA8B-D90E-3B99-8779-82C4C0DC0CEF}.Release|x64.ActiveCfg = Release|x64
		{EAC7AA8B-D90E-3B99-8779-82C4C0DC0CEF}.Release|x64.Build.0 = Release|x64
		{EAC7AA8B-D90E-3B99-8779-82C4C0DC0CEF}.MinSizeRel|x64.ActiveCfg = MinSizeRel|x64
		{EAC7AA8B-D90E-3B99-8779-82C4C0DC0CEF}.MinSizeRel|x64.Build.0 = MinSizeRel|x64
		{EAC7AA8B-D90E-3B99-8779-82C4C0DC0CEF}.RelWithDebInfo|x64.ActiveCfg = RelWithDebInfo|x64
		{EAC7AA8B-D90E-3B99-8779-82C4C0DC0CEF}.RelWithDebInfo|x64.Build.0 = RelWithDebInfo|x64
		{B6D0F1AA-7FB3-311F-B186-A80384D03136}.Debug|x64.ActiveCfg = Debug|x64
		{B6D0F1AA-7FB3-311F-B186-A80384D03136}.Debug|x64.Build.0 = Debug|x64
		{B6D0F1AA-7FB3-311F-B186-A80384D03136}.Release|x64.ActiveCfg = Release|x64
		{B6D0F1AA-7FB3-311F-B186-A80384D03136}.Release|x64.Build.0 = Release|x64
		{B6D0F1AA-7FB3-311F-B186-A80384D03136}.MinSizeRel|x64.ActiveCfg = MinSizeRel|x64
		{B6D0F1AA-7FB3-311F-B186-A80384D03136}.MinSizeRel|x64.Build.0 = MinSizeRel|x64
		{B6D0F1AA-7FB3-311F-B186-A80384D03136}.RelWithDebInfo|x64.ActiveCfg = RelWithDebInfo|x64
		{B6D0F1AA-7FB3-311F-B186-A80384D03136}.RelWithDebInfo|x64.Build.0 = RelWithDebInfo|x64
		{D1444B7E-66CE-305B-A2DB-6AC49C53538C}.Debug|x64.ActiveCfg = Debug|x64
		{D1444B7E-66CE-305B-A2DB-6AC49C53538C}.Release|x64.ActiveCfg = Release|x64
		{D1444B7E-66CE-305B-A2DB-6AC49C53538C}.MinSizeRel|x64.ActiveCfg = MinSizeRel|x64
		{D1444B7E-66CE-305B-A2DB-6AC49C53538C}.RelWithDebInfo|x64.ActiveCfg = RelWithDebInfo|x64
		{EC32D150-A5B3-3693-84A8-66183171B91D}.Debug|x64.ActiveCfg = Debug|x64
		{EC32D150-A5B3-3693-84A8-66183171B91D}.Release|x64.ActiveCfg = Release|x64
		{EC32D150-A5B3-3693-84A8-66183171B91D}.MinSizeRel|x64.ActiveCfg = MinSizeRel|x64
		{EC32D150-A5B3-3693-84A8-66183171B91D}.RelWithDebInfo|x64.ActiveCfg = RelWithDebInfo|x64
		{87DEF544-3A9C-33A3-B613-E44980C985DD}.Debug|x64.ActiveCfg = Debug|x64
		{87DEF544-3A9C-33A3-B613-E44980C985DD}.Release|x64.ActiveCfg = Release|x64
		{87DEF544-3A9C-33A3-B613-E44980C985DD}.MinSizeRel|x64.ActiveCfg = MinSizeRel|x64
		{87DEF544-3A9C-33A3-B613-E44980C985DD}.RelWithDebInfo|x64.ActiveCfg = RelWithDebInfo|x64
		{45E3B50E-C63A-3228-B474-F3DB35383370}.Debug|x64.ActiveCfg = Debug|x64
		{45E3B50E-C63A-3228-B474-F3DB35383370}.Debug|x64.Build.0 = Debug|x64
		{45E3B50E-C63A-3228-B474-F3DB35383370}.Release|x64.ActiveCfg = Release|x64
		{45E3B50E-C63A-3228-B474-F3DB35383370}.Release|x64.Build.0 = Release|x64
		{45E3B50E-C63A-3228-B474-F3DB35383370}.MinSizeRel|x64.ActiveCfg = MinSizeRel|x64
		{45E3B50E-C63A-3228-B474-F3DB35383370}.MinSizeRel|x64.Build.0 = MinSizeRel|x64
		{45E3B50E-C63A-3228-B474-F3DB35383370}.RelWithDebInfo|x64.ActiveCfg = RelWithDebInfo|x64
		{45E3B50E-C63A-3228-B474-F3DB35383370}.RelWithDebInfo|x64.Build.0 = RelWithDebInfo|x64
		{D01CBF68-3AE1-3839-A7BA-DACA8583E03F}.Debug|x64.ActiveCfg = Debug|x64
		{D01CBF68-3AE1-3839-A7BA-DACA8583E03F}.Release|x64.ActiveCfg = Release|x64
		{D01CBF68-3AE1-3839-A7BA-DACA8583E03F}.MinSizeRel|x64.ActiveCfg = MinSizeRel|x64
		{D01CBF68-3AE1-3839-A7BA-DACA8583E03F}.RelWithDebInfo|x64.ActiveCfg = RelWithDebInfo|x64
		{45C59E8C-69ED-3608-9DF3-D461C23A5B57}.Debug|x64.ActiveCfg = Debug|x64
		{45C59E8C-69ED-3608-9DF3-D461C23A5B57}.Debug|x64.Build.0 = Debug|x64
		{45C59E8C-69ED-3608-9DF3-D461C23A5B57}.Release|x64.ActiveCfg = Release|x64
		{45C59E8C-69ED-3608-9DF3-D461C23A5B57}.Release|x64.Build.0 = Release|x64
		{45C59E8C-69ED-3608-9DF3-D461C23A5B57}.MinSizeRel|x64.ActiveCfg = MinSizeRel|x64
		{45C59E8C-69ED-3608-9DF3-D461C23A5B57}.MinSizeRel|x64.Build.0 = MinSizeRel|x64
		{45C59E8C-69ED-3608-9DF3-D461C23A5B57}.RelWithDebInfo|x64.ActiveCfg = RelWithDebInfo|x64
		{45C59E8C-69ED-3608-9DF3-D461C23A5B57}.RelWithDebInfo|x64.Build.0 = RelWithDebInfo|x64
		{9C83B4D1-ABBC-3837-AE03-60AE4193A81E}.Debug|x64.ActiveCfg = Debug|x64
		{9C83B4D1-ABBC-3837-AE03-60AE4193A81E}.Debug|x64.Build.0 = Debug|x64
		{9C83B4D1-ABBC-3837-AE03-60AE4193A81E}.Release|x64.ActiveCfg = Release|x64
		{9C83B4D1-ABBC-3837-AE03-60AE4193A81E}.Release|x64.Build.0 = Release|x64
		{9C83B4D1-ABBC-3837-AE03-60AE4193A81E}.MinSizeRel|x64.ActiveCfg = MinSizeRel|x64
		{9C83B4D1-ABBC-3837-AE03-60AE4193A81E}.MinSizeRel|x64.Build.0 = MinSizeRel|x64
		{9C83B4D1-ABBC-3837-AE03-60AE4193A81E}.RelWithDebInfo|x64.ActiveCfg = RelWithDebInfo|x64
		{9C83B4D1-ABBC-3837-AE03-60AE4193A81E}.RelWithDebInfo|x64.Build.0 = RelWithDebInfo|x64
		{09749E0E-8D22-3734-B60E-3DEB87B03FEA}.Debug|x64.ActiveCfg = Debug|x64
		{09749E0E-8D22-3734-B60E-3DEB87B03FEA}.Debug|x64.Build.0 = Debug|x64
		{09749E0E-8D22-3734-B60E-3DEB87B03FEA}.Release|x64.ActiveCfg = Release|x64
		{09749E0E-8D22-3734-B60E-3DEB87B03FEA}.Release|x64.Build.0 = Release|x64
		{09749E0E-8D22-3734-B60E-3DEB87B03FEA}.MinSizeRel|x64.ActiveCfg = MinSizeRel|x64
		{09749E0E-8D22-3734-B60E-3DEB87B03FEA}.MinSizeRel|x64.Build.0 = MinSizeRel|x64
		{09749E0E-8D22-3734-B60E-3DEB87B03FEA}.RelWithDebInfo|x64.ActiveCfg = RelWithDebInfo|x64
		{09749E0E-8D22-3734-B60E-3DEB87B03FEA}.RelWithDebInfo|x64.Build.0 = RelWithDebInfo|x64
		{3D1A57F7-3328-38CE-A786-904F2551DCD5}.Debug|x64.ActiveCfg = Debug|x64
		{3D1A57F7-3328-38CE-A786-904F2551DCD5}.Debug|x64.Build.0 = Debug|x64
		{3D1A57F7-3328-38CE-A786-904F2551DCD5}.Release|x64.ActiveCfg = Release|x64
		{3D1A57F7-3328-38CE-A786-904F2551DCD5}.Release|x64.Build.0 = Release|x64
		{3D1A57F7-3328-38CE-A786-904F2551DCD5}.MinSizeRel|x64.ActiveCfg = MinSizeRel|x64
		{3D1A57F7-3328-38CE-A786-904F2551DCD5}.MinSizeRel|x64.Build.0 = MinSizeRel|x64
		{3D1A57F7-3328-38CE-A786-904F2551DCD5}.RelWithDebInfo|x64.ActiveCfg = RelWithDebInfo|x64
		{3D1A57F7-3328-38CE-A786-904F2551DCD5}.RelWithDebInfo|x64.Build.0 = RelWithDebInfo|x64
		{2A724E8A-CD19-3C28-94A7-F00E1514D06B}.Debug|x64.ActiveCfg = Debug|x64
		{2A724E8A-CD19-3C28-94A7-F00E1514D06B}.Debug|x64.Build.0 = Debug|x64
		{2A724E8A-CD19-3C28-94A7-F00E1514D06B}.Release|x64.ActiveCfg = Release|x64
		{2A724E8A-CD19-3C28-94A7-F00E1514D06B}.Release|x64.Build.0 = Release|x64
		{2A724E8A-CD19-3C28-94A7-F00E1514D06B}.MinSizeRel|x64.ActiveCfg = MinSizeRel|x64
		{2A724E8A-CD19-3C28-94A7-F00E1514D06B}.MinSizeRel|x64.Build.0 = MinSizeRel|x64
		{2A724E8A-CD19-3C28-94A7-F00E1514D06B}.RelWithDebInfo|x64.ActiveCfg = RelWithDebInfo|x64
		{2A724E8A-CD19-3C28-94A7-F00E1514D06B}.RelWithDebInfo|x64.Build.0 = RelWithDebInfo|x64
		{46848758-13F8-3B0E-997B-8D48DB03F949}.Debug|x64.ActiveCfg = Debug|x64
		{46848758-13F8-3B0E-997B-8D48DB03F949}.Debug|x64.Build.0 = Debug|x64
		{46848758-13F8-3B0E-997B-8D48DB03F949}.Release|x64.ActiveCfg = Release|x64
		{46848758-13F8-3B0E-997B-8D48DB03F949}.Release|x64.Build.0 = Release|x64
		{46848758-13F8-3B0E-997B-8D48DB03F949}.MinSizeRel|x64.ActiveCfg = MinSizeRel|x64
		{46848758-13F8-3B0E-997B-8D48DB03F949}.MinSizeRel|x64.Build.0 = MinSizeRel|x64
		{46848758-13F8-3B0E-997B-8D48DB03F949}.RelWithDebInfo|x64.ActiveCfg = RelWithDebInfo|x64
		{46848758-13F8-3B0E-997B-8D48DB03F949}.RelWithDebInfo|x64.Build.0 = RelWithDebInfo|x64
		{4AB87A2F-AEF7-3C6E-A6B6-303004E36E5B}.Debug|x64.ActiveCfg = Debug|x64
		{4AB87A2F-AEF7-3C6E-A6B6-303004E36E5B}.Debug|x64.Build.0 = Debug|x64
		{4AB87A2F-AEF7-3C6E-A6B6-303004E36E5B}.Release|x64.ActiveCfg = Release|x64
		{4AB87A2F-AEF7-3C6E-A6B6-303004E36E5B}.Release|x64.Build.0 = Release|x64
		{4AB87A2F-AEF7-3C6E-A6B6-303004E36E5B}.MinSizeRel|x64.ActiveCfg = MinSizeRel|x64
		{4AB87A2F-AEF7-3C6E-A6B6-303004E36E5B}.MinSizeRel|x64.Build.0 = MinSizeRel|x64
		{4AB87A2F-AEF7-3C6E-A6B6-303004E36E5B}.RelWithDebInfo|x64.ActiveCfg = RelWithDebInfo|x64
		{4AB87A2F-AEF7-3C6E-A6B6-303004E36E5B}.RelWithDebInfo|x64.Build.0 = RelWithDebInfo|x64
		{EE6340CE-5193-3BF6-92EF-13E8A4AA1C04}.Debug|x64.ActiveCfg = Debug|x64
		{EE6340CE-5193-3BF6-92EF-13E8A4AA1C04}.Debug|x64.Build.0 = Debug|x64
		{EE6340CE-5193-3BF6-92EF-13E8A4AA1C04}.Release|x64.ActiveCfg = Release|x64
		{EE6340CE-5193-3BF6-92EF-13E8A4AA1C04}.Release|x64.Build.0 = Release|x64
		{EE6340CE-5193-3BF6-92EF-13E8A4AA1C04}.MinSizeRel|x64.ActiveCfg = MinSizeRel|x64
		{EE6340CE-5193-3BF6-92EF-13E8A4AA1C04}.MinSizeRel|x64.Build.0 = MinSizeRel|x64
		{EE6340CE-5193-3BF6-92EF-13E8A4AA1C04}.RelWithDebInfo|x64.ActiveCfg = RelWithDebInfo|x64
		{EE6340CE-5193-3BF6-92EF-13E8A4AA1C04}.RelWithDebInfo|x64.Build.0 = RelWithDebInfo|x64
		{6DFCD57B-B49A-3B4C-ACDF-44133A0C5E40}.Debug|x64.ActiveCfg = Debug|x64
		{6DFCD57B-B49A-3B4C-ACDF-44133A0C5E40}.Debug|x64.Build.0 = Debug|x64
		{6DFCD57B-B49A-3B4C-ACDF-44133A0C5E40}.Release|x64.ActiveCfg = Release|x64
		{6DFCD57B-B49A-3B4C-ACDF-44133A0C5E40}.Release|x64.Build.0 = Release|x64
		{6DFCD57B-B49A-3B4C-ACDF-44133A0C5E40}.MinSizeRel|x64.ActiveCfg = MinSizeRel|x64
		{6DFCD57B-B49A-3B4C-ACDF-44133A0C5E40}.MinSizeRel|x64.Build.0 = MinSizeRel|x64
		{6DFCD57B-B49A-3B4C-ACDF-44133A0C5E40}.RelWithDebInfo|x64.ActiveCfg = RelWithDebInfo|x64
		{6DFCD57B-B49A-3B4C-ACDF-44133A0C5E40}.RelWithDebInfo|x64.Build.0 = RelWithDebInfo|x64
		{96A7EE14-C05B-3A0B-94C7-8259688D1BB1}.Debug|x64.ActiveCfg = Debug|x64
		{96A7EE14-C05B-3A0B-94C7-8259688D1BB1}.Debug|x64.Build.0 = Debug|x64
		{96A7EE14-C05B-3A0B-94C7-8259688D1BB1}.Release|x64.ActiveCfg = Release|x64
		{96A7EE14-C05B-3A0B-94C7-8259688D1BB1}.Release|x64.Build.0 = Release|x64
		{96A7EE14-C05B-3A0B-94C7-8259688D1BB1}.MinSizeRel|x64.ActiveCfg = MinSizeRel|x64
		{96A7EE14-C05B-3A0B-94C7-8259688D1BB1}.MinSizeRel|x64.Build.0 = MinSizeRel|x64
		{96A7EE14-C05B-3A0B-94C7-8259688D1BB1}.RelWithDebInfo|x64.ActiveCfg = RelWithDebInfo|x64
		{96A7EE14-C05B-3A0B-94C7-8259688D1BB1}.RelWithDebInfo|x64.Build.0 = RelWithDebInfo|x64
		{ACC8A3B9-5EAD-343D-8BE6-3BDCEAD498CD}.Debug|x64.ActiveCfg = Debug|x64
		{ACC8A3B9-5EAD-343D-8BE6-3BDCEAD498CD}.Debug|x64.Build.0 = Debug|x64
		{ACC8A3B9-5EAD-343D-8BE6-3BDCEAD498CD}.Release|x64.ActiveCfg = Release|x64
		{ACC8A3B9-5EAD-343D-8BE6-3BDCEAD498CD}.Release|x64.Build.0 = Release|x64
		{ACC8A3B9-5EAD-343D-8BE6-3BDCEAD498CD}.MinSizeRel|x64.ActiveCfg = MinSizeRel|x64
		{ACC8A3B9-5EAD-343D-8BE6-3BDCEAD498CD}.MinSizeRel|x64.Build.0 = MinSizeRel|x64
		{ACC8A3B9-5EAD-343D-8BE6-3BDCEAD498CD}.RelWithDebInfo|x64.ActiveCfg = RelWithDebInfo|x64
		{ACC8A3B9-5EAD-343D-8BE6-3BDCEAD498CD}.RelWithDebInfo|x64.Build.0 = RelWithDebInfo|x64
		{81458F8B-8DF1-30DC-A2DF-8F034325E980}.Debug|x64.ActiveCfg = Debug|x64
		{81458F8B-8DF1-30DC-A2DF-8F034325E980}.Debug|x64.Build.0 = Debug|x64
		{81458F8B-8DF1-30DC-A2DF-8F034325E980}.Release|x64.ActiveCfg = Release|x64
		{81458F8B-8DF1-30DC-A2DF-8F034325E980}.Release|x64.Build.0 = Release|x64
		{81458F8B-8DF1-30DC-A2DF-8F034325E980}.MinSizeRel|x64.ActiveCfg = MinSizeRel|x64
		{81458F8B-8DF1-30DC-A2DF-8F034325E980}.MinSizeRel|x64.Build.0 = MinSizeRel|x64
		{81458F8B-8DF1-30DC-A2DF-8F034325E980}.RelWithDebInfo|x64.ActiveCfg = RelWithDebInfo|x64
		{81458F8B-8DF1-30DC-A2DF-8F034325E980}.RelWithDebInfo|x64.Build.0 = RelWithDebInfo|x64
		{427C9167-3931-3868-A85A-BCA63BA58123}.Debug|x64.ActiveCfg = Debug|x64
		{427C9167-3931-3868-A85A-BCA63BA58123}.Debug|x64.Build.0 = Debug|x64
		{427C9167-3931-3868-A85A-BCA63BA58123}.Release|x64.ActiveCfg = Release|x64
		{427C9167-3931-3868-A85A-BCA63BA58123}.Release|x64.Build.0 = Release|x64
		{427C9167-3931-3868-A85A-BCA63BA58123}.MinSizeRel|x64.ActiveCfg = MinSizeRel|x64
		{427C9167-3931-3868-A85A-BCA63BA58123}.MinSizeRel|x64.Build.0 = MinSizeRel|x64
		{427C9167-3931-3868-A85A-BCA63BA58123}.RelWithDebInfo|x64.ActiveCfg = RelWithDebInfo|x64
		{427C9167-3931-3868-A85A-BCA63BA58123}.RelWithDebInfo|x64.Build.0 = RelWithDebInfo|x64
		{23307831-50FB-38D4-AB43-B32C71807F64}.Debug|x64.ActiveCfg = Debug|x64
		{23307831-50FB-38D4-AB43-B32C71807F64}.Debug|x64.Build.0 = Debug|x64
		{23307831-50FB-38D4-AB43-B32C71807F64}.Release|x64.ActiveCfg = Release|x64
		{23307831-50FB-38D4-AB43-B32C71807F64}.Release|x64.Build.0 = Release|x64
		{23307831-50FB-38D4-AB43-B32C71807F64}.MinSizeRel|x64.ActiveCfg = MinSizeRel|x64
		{23307831-50FB-38D4-AB43-B32C71807F64}.MinSizeRel|x64.Build.0 = MinSizeRel|x64
		{23307831-50FB-38D4-AB43-B32C71807F64}.RelWithDebInfo|x64.ActiveCfg = RelWithDebInfo|x64
		{23307831-50FB-38D4-AB43-B32C71807F64}.RelWithDebInfo|x64.Build.0 = RelWithDebInfo|x64
		{CA8E41A2-0F9D-3558-B04D-2D6B5DDA61EA}.Debug|x64.ActiveCfg = Debug|x64
		{CA8E41A2-0F9D-3558-B04D-2D6B5DDA61EA}.Debug|x64.Build.0 = Debug|x64
		{CA8E41A2-0F9D-3558-B04D-2D6B5DDA61EA}.Release|x64.ActiveCfg = Release|x64
		{CA8E41A2-0F9D-3558-B04D-2D6B5DDA61EA}.Release|x64.Build.0 = Release|x64
		{CA8E41A2-0F9D-3558-B04D-2D6B5DDA61EA}.MinSizeRel|x64.ActiveCfg = MinSizeRel|x64
		{CA8E41A2-0F9D-3558-B04D-2D6B5DDA61EA}.MinSizeRel|x64.Build.0 = MinSizeRel|x64
		{CA8E41A2-0F9D-3558-B04D-2D6B5DDA61EA}.RelWithDebInfo|x64.ActiveCfg = RelWithDebInfo|x64
		{CA8E41A2-0F9D-3558-B04D-2D6B5DDA61EA}.RelWithDebInfo|x64.Build.0 = RelWithDebInfo|x64
		{C1590DF5-169C-3511-A9BB-E94D6DB8A66F}.Debug|x64.ActiveCfg = Debug|x64
		{C1590DF5-169C-3511-A9BB-E94D6DB8A66F}.Debug|x64.Build.0 = Debug|x64
		{C1590DF5-169C-3511-A9BB-E94D6DB8A66F}.Release|x64.ActiveCfg = Release|x64
		{C1590DF5-169C-3511-A9BB-E94D6DB8A66F}.Release|x64.Build.0 = Release|x64
		{C1590DF5-169C-3511-A9BB-E94D6DB8A66F}.MinSizeRel|x64.ActiveCfg = MinSizeRel|x64
		{C1590DF5-169C-3511-A9BB-E94D6DB8A66F}.MinSizeRel|x64.Build.0 = MinSizeRel|x64
		{C1590DF5-169C-3511-A9BB-E94D6DB8A66F}.RelWithDebInfo|x64.ActiveCfg = RelWithDebInfo|x64
		{C1590DF5-169C-3511-A9BB-E94D6DB8A66F}.RelWithDebInfo|x64.Build.0 = RelWithDebInfo|x64
		{EF94A051-CD1F-3D0E-BD00-CBF5A02534CB}.Debug|x64.ActiveCfg = Debug|x64
		{EF94A051-CD1F-3D0E-BD00-CBF5A02534CB}.Debug|x64.Build.0 = Debug|x64
		{EF94A051-CD1F-3D0E-BD00-CBF5A02534CB}.Release|x64.ActiveCfg = Release|x64
		{EF94A051-CD1F-3D0E-BD00-CBF5A02534CB}.Release|x64.Build.0 = Release|x64
		{EF94A051-CD1F-3D0E-BD00-CBF5A02534CB}.MinSizeRel|x64.ActiveCfg = MinSizeRel|x64
		{EF94A051-CD1F-3D0E-BD00-CBF5A02534CB}.MinSizeRel|x64.Build.0 = MinSizeRel|x64
		{EF94A051-CD1F-3D0E-BD00-CBF5A02534CB}.RelWithDebInfo|x64.ActiveCfg = RelWithDebInfo|x64
		{EF94A051-CD1F-3D0E-BD00-CBF5A02534CB}.RelWithDebInfo|x64.Build.0 = RelWithDebInfo|x64
		{04E8B2CC-EFEC-3054-BD84-8635F7C5839B}.Debug|x64.ActiveCfg = Debug|x64
		{04E8B2CC-EFEC-3054-BD84-8635F7C5839B}.Debug|x64.Build.0 = Debug|x64
		{04E8B2CC-EFEC-3054-BD84-8635F7C5839B}.Release|x64.ActiveCfg = Release|x64
		{04E8B2CC-EFEC-3054-BD84-8635F7C5839B}.Release|x64.Build.0 = Release|x64
		{04E8B2CC-EFEC-3054-BD84-8635F7C5839B}.MinSizeRel|x64.ActiveCfg = MinSizeRel|x64
		{04E8B2CC-EFEC-3054-BD84-8635F7C5839B}.MinSizeRel|x64.Build.0 = MinSizeRel|x64
		{04E8B2CC-EFEC-3054-BD84-8635F7C5839B}.RelWithDebInfo|x64.ActiveCfg = RelWithDebInfo|x64
		{04E8B2CC-EFEC-3054-BD84-8635F7C5839B}.RelWithDebInfo|x64.Build.0 = RelWithDebInfo|x64
		{380DB3C5-8CEA-34D7-83F8-60404ED2A073}.Debug|x64.ActiveCfg = Debug|x64
		{380DB3C5-8CEA-34D7-83F8-60404ED2A073}.Debug|x64.Build.0 = Debug|x64
		{380DB3C5-8CEA-34D7-83F8-60404ED2A073}.Release|x64.ActiveCfg = Release|x64
		{380DB3C5-8CEA-34D7-83F8-60404ED2A073}.Release|x64.Build.0 = Release|x64
		{380DB3C5-8CEA-34D7-83F8-60404ED2A073}.MinSizeRel|x64.ActiveCfg = MinSizeRel|x64
		{380DB3C5-8CEA-34D7-83F8-60404ED2A073}.MinSizeRel|x64.Build.0 = MinSizeRel|x64
		{380DB3C5-8CEA-34D7-83F8-60404ED2A073}.RelWithDebInfo|x64.ActiveCfg = RelWithDebInfo|x64
		{380DB3C5-8CEA-34D7-83F8-60404ED2A073}.RelWithDebInfo|x64.Build.0 = RelWithDebInfo|x64
		{0E420F48-ACA3-390F-94AC-6D2F0E1F96FC}.Debug|x64.ActiveCfg = Debug|x64
		{0E420F48-ACA3-390F-94AC-6D2F0E1F96FC}.Debug|x64.Build.0 = Debug|x64
		{0E420F48-ACA3-390F-94AC-6D2F0E1F96FC}.Release|x64.ActiveCfg = Release|x64
		{0E420F48-ACA3-390F-94AC-6D2F0E1F96FC}.Release|x64.Build.0 = Release|x64
		{0E420F48-ACA3-390F-94AC-6D2F0E1F96FC}.MinSizeRel|x64.ActiveCfg = MinSizeRel|x64
		{0E420F48-ACA3-390F-94AC-6D2F0E1F96FC}.MinSizeRel|x64.Build.0 = MinSizeRel|x64
		{0E420F48-ACA3-390F-94AC-6D2F0E1F96FC}.RelWithDebInfo|x64.ActiveCfg = RelWithDebInfo|x64
		{0E420F48-ACA3-390F-94AC-6D2F0E1F96FC}.RelWithDebInfo|x64.Build.0 = RelWithDebInfo|x64
		{C19B88D5-7F13-3004-8738-2EDF3397B925}.Debug|x64.ActiveCfg = Debug|x64
		{C19B88D5-7F13-3004-8738-2EDF3397B925}.Debug|x64.Build.0 = Debug|x64
		{C19B88D5-7F13-3004-8738-2EDF3397B925}.Release|x64.ActiveCfg = Release|x64
		{C19B88D5-7F13-3004-8738-2EDF3397B925}.Release|x64.Build.0 = Release|x64
		{C19B88D5-7F13-3004-8738-2EDF3397B925}.MinSizeRel|x64.ActiveCfg = MinSizeRel|x64
		{C19B88D5-7F13-3004-8738-2EDF3397B925}.MinSizeRel|x64.Build.0 = MinSizeRel|x64
		{C19B88D5-7F13-3004-8738-2EDF3397B925}.RelWithDebInfo|x64.ActiveCfg = RelWithDebInfo|x64
		{C19B88D5-7F13-3004-8738-2EDF3397B925}.RelWithDebInfo|x64.Build.0 = RelWithDebInfo|x64
		{3AE3BFD0-AA11-30BE-AC58-CB33F7D5C20A}.Debug|x64.ActiveCfg = Debug|x64
		{3AE3BFD0-AA11-30BE-AC58-CB33F7D5C20A}.Debug|x64.Build.0 = Debug|x64
		{3AE3BFD0-AA11-30BE-AC58-CB33F7D5C20A}.Release|x64.ActiveCfg = Release|x64
		{3AE3BFD0-AA11-30BE-AC58-CB33F7D5C20A}.Release|x64.Build.0 = Release|x64
		{3AE3BFD0-AA11-30BE-AC58-CB33F7D5C20A}.MinSizeRel|x64.ActiveCfg = MinSizeRel|x64
		{3AE3BFD0-AA11-30BE-AC58-CB33F7D5C20A}.MinSizeRel|x64.Build.0 = MinSizeRel|x64
		{3AE3BFD0-AA11-30BE-AC58-CB33F7D5C20A}.RelWithDebInfo|x64.ActiveCfg = RelWithDebInfo|x64
		{3AE3BFD0-AA11-30BE-AC58-CB33F7D5C20A}.RelWithDebInfo|x64.Build.0 = RelWithDebInfo|x64
		{6B013B3A-3290-358E-8106-FBC39005B78F}.Debug|x64.ActiveCfg = Debug|x64
		{6B013B3A-3290-358E-8106-FBC39005B78F}.Debug|x64.Build.0 = Debug|x64
		{6B013B3A-3290-358E-8106-FBC39005B78F}.Release|x64.ActiveCfg = Release|x64
		{6B013B3A-3290-358E-8106-FBC39005B78F}.Release|x64.Build.0 = Release|x64
		{6B013B3A-3290-358E-8106-FBC39005B78F}.MinSizeRel|x64.ActiveCfg = MinSizeRel|x64
		{6B013B3A-3290-358E-8106-FBC39005B78F}.MinSizeRel|x64.Build.0 = MinSizeRel|x64
		{6B013B3A-3290-358E-8106-FBC39005B78F}.RelWithDebInfo|x64.ActiveCfg = RelWithDebInfo|x64
		{6B013B3A-3290-358E-8106-FBC39005B78F}.RelWithDebInfo|x64.Build.0 = RelWithDebInfo|x64
	EndGlobalSection
	GlobalSection(NestedProjects) = preSolution
		{2F4B16A6-381C-3C2C-BDE2-5EB2AC0C2208} = {87C40441-5642-363D-B3E2-D777664D45B6}
		{33C5CC35-FAC3-3F86-946C-3FABF89390DA} = {87C40441-5642-363D-B3E2-D777664D45B6}
		{87DEF544-3A9C-33A3-B613-E44980C985DD} = {87C40441-5642-363D-B3E2-D777664D45B6}
		{D01CBF68-3AE1-3839-A7BA-DACA8583E03F} = {87C40441-5642-363D-B3E2-D777664D45B6}
		{45C59E8C-69ED-3608-9DF3-D461C23A5B57} = {87C40441-5642-363D-B3E2-D777664D45B6}
		{B077A959-C575-3351-B8F3-E9F1BAD5A1E8} = {196E8A6B-F14D-3A2D-AD2B-96E79B7E45B6}
		{D5332198-A75C-3875-9CCC-BFBA983A6B05} = {196E8A6B-F14D-3A2D-AD2B-96E79B7E45B6}
		{D1444B7E-66CE-305B-A2DB-6AC49C53538C} = {196E8A6B-F14D-3A2D-AD2B-96E79B7E45B6}
		{EC32D150-A5B3-3693-84A8-66183171B91D} = {196E8A6B-F14D-3A2D-AD2B-96E79B7E45B6}
		{A37911F5-1C4F-3283-AF6D-9A2506BFFA1E} = {D5677111-2278-3981-A549-A0DD93DC1A26}
		{ABD92305-01FC-37A5-AEB9-1A21B0A15A8D} = {D5677111-2278-3981-A549-A0DD93DC1A26}
		{4979CFF4-808F-359E-B07B-630C512E0DC4} = {D5677111-2278-3981-A549-A0DD93DC1A26}
		{AC329EE0-3320-387B-92D1-9ED2782A279F} = {D5677111-2278-3981-A549-A0DD93DC1A26}
		{EAC7AA8B-D90E-3B99-8779-82C4C0DC0CEF} = {D5677111-2278-3981-A549-A0DD93DC1A26}
		{B6D0F1AA-7FB3-311F-B186-A80384D03136} = {D5677111-2278-3981-A549-A0DD93DC1A26}
		{45E3B50E-C63A-3228-B474-F3DB35383370} = {D5677111-2278-3981-A549-A0DD93DC1A26}
		{9C83B4D1-ABBC-3837-AE03-60AE4193A81E} = {D5677111-2278-3981-A549-A0DD93DC1A26}
		{2A724E8A-CD19-3C28-94A7-F00E1514D06B} = {D5677111-2278-3981-A549-A0DD93DC1A26}
		{46848758-13F8-3B0E-997B-8D48DB03F949} = {D5677111-2278-3981-A549-A0DD93DC1A26}
		{4AB87A2F-AEF7-3C6E-A6B6-303004E36E5B} = {D5677111-2278-3981-A549-A0DD93DC1A26}
		{EE6340CE-5193-3BF6-92EF-13E8A4AA1C04} = {D5677111-2278-3981-A549-A0DD93DC1A26}
		{6DFCD57B-B49A-3B4C-ACDF-44133A0C5E40} = {D5677111-2278-3981-A549-A0DD93DC1A26}
		{96A7EE14-C05B-3A0B-94C7-8259688D1BB1} = {D5677111-2278-3981-A549-A0DD93DC1A26}
		{81458F8B-8DF1-30DC-A2DF-8F034325E980} = {D5677111-2278-3981-A549-A0DD93DC1A26}
		{EF94A051-CD1F-3D0E-BD00-CBF5A02534CB} = {D5677111-2278-3981-A549-A0DD93DC1A26}
		{04E8B2CC-EFEC-3054-BD84-8635F7C5839B} = {D5677111-2278-3981-A549-A0DD93DC1A26}
		{380DB3C5-8CEA-34D7-83F8-60404ED2A073} = {D5677111-2278-3981-A549-A0DD93DC1A26}
		{0E420F48-ACA3-390F-94AC-6D2F0E1F96FC} = {D5677111-2278-3981-A549-A0DD93DC1A26}
		{C19B88D5-7F13-3004-8738-2EDF3397B925} = {D5677111-2278-3981-A549-A0DD93DC1A26}
		{3AE3BFD0-AA11-30BE-AC58-CB33F7D5C20A} = {D5677111-2278-3981-A549-A0DD93DC1A26}
		{6B013B3A-3290-358E-8106-FBC39005B78F} = {D5677111-2278-3981-A549-A0DD93DC1A26}
	EndGlobalSection
	GlobalSection(ExtensibilityGlobals) = postSolution
		SolutionGuid = {E6995A80-B7AE-3064-A7CE-2BE0E30D9B14}
	EndGlobalSection
	GlobalSection(ExtensibilityAddIns) = postSolution
	EndGlobalSection
EndGlobal
