<?xml version="1.0" encoding="utf-8"?>
<Project ToolsVersion="16.0" xmlns="http://schemas.microsoft.com/developer/msbuild/2003">
  <ItemGroup>
    <ClCompile Include="D:\Software\PBRT\pbrt-v3\src\core\api.cpp">
      <Filter>core</Filter>
    </ClCompile>
    <ClCompile Include="D:\Software\PBRT\pbrt-v3\src\core\bssrdf.cpp">
      <Filter>core</Filter>
    </ClCompile>
    <ClCompile Include="D:\Software\PBRT\pbrt-v3\src\core\camera.cpp">
      <Filter>core</Filter>
    </ClCompile>
    <ClCompile Include="D:\Software\PBRT\pbrt-v3\src\core\efloat.cpp">
      <Filter>core</Filter>
    </ClCompile>
    <ClCompile Include="D:\Software\PBRT\pbrt-v3\src\core\error.cpp">
      <Filter>core</Filter>
    </ClCompile>
    <ClCompile Include="D:\Software\PBRT\pbrt-v3\src\core\fileutil.cpp">
      <Filter>core</Filter>
    </ClCompile>
    <ClCompile Include="D:\Software\PBRT\pbrt-v3\src\core\film.cpp">
      <Filter>core</Filter>
    </ClCompile>
    <ClCompile Include="D:\Software\PBRT\pbrt-v3\src\core\filter.cpp">
      <Filter>core</Filter>
    </ClCompile>
    <ClCompile Include="D:\Software\PBRT\pbrt-v3\src\core\floatfile.cpp">
      <Filter>core</Filter>
    </ClCompile>
    <ClCompile Include="D:\Software\PBRT\pbrt-v3\src\core\geometry.cpp">
      <Filter>core</Filter>
    </ClCompile>
    <ClCompile Include="D:\Software\PBRT\pbrt-v3\src\core\imageio.cpp">
      <Filter>core</Filter>
    </ClCompile>
    <ClCompile Include="D:\Software\PBRT\pbrt-v3\src\core\integrator.cpp">
      <Filter>core</Filter>
    </ClCompile>
    <ClCompile Include="D:\Software\PBRT\pbrt-v3\src\core\interaction.cpp">
      <Filter>core</Filter>
    </ClCompile>
    <ClCompile Include="D:\Software\PBRT\pbrt-v3\src\core\interpolation.cpp">
      <Filter>core</Filter>
    </ClCompile>
    <ClCompile Include="D:\Software\PBRT\pbrt-v3\src\core\light.cpp">
      <Filter>core</Filter>
    </ClCompile>
    <ClCompile Include="D:\Software\PBRT\pbrt-v3\src\core\lightdistrib.cpp">
      <Filter>core</Filter>
    </ClCompile>
    <ClCompile Include="D:\Software\PBRT\pbrt-v3\src\core\lowdiscrepancy.cpp">
      <Filter>core</Filter>
    </ClCompile>
    <ClCompile Include="D:\Software\PBRT\pbrt-v3\src\core\material.cpp">
      <Filter>core</Filter>
    </ClCompile>
    <ClCompile Include="D:\Software\PBRT\pbrt-v3\src\core\medium.cpp">
      <Filter>core</Filter>
    </ClCompile>
    <ClCompile Include="D:\Software\PBRT\pbrt-v3\src\core\memory.cpp">
      <Filter>core</Filter>
    </ClCompile>
    <ClCompile Include="D:\Software\PBRT\pbrt-v3\src\core\microfacet.cpp">
      <Filter>core</Filter>
    </ClCompile>
    <ClCompile Include="D:\Software\PBRT\pbrt-v3\src\core\parallel.cpp">
      <Filter>core</Filter>
    </ClCompile>
    <ClCompile Include="D:\Software\PBRT\pbrt-v3\src\core\paramset.cpp">
      <Filter>core</Filter>
    </ClCompile>
    <ClCompile Include="D:\Software\PBRT\pbrt-v3\src\core\parser.cpp">
      <Filter>core</Filter>
    </ClCompile>
    <ClCompile Include="D:\Software\PBRT\pbrt-v3\src\core\primitive.cpp">
      <Filter>core</Filter>
    </ClCompile>
    <ClCompile Include="D:\Software\PBRT\pbrt-v3\src\core\progressreporter.cpp">
      <Filter>core</Filter>
    </ClCompile>
    <ClCompile Include="D:\Software\PBRT\pbrt-v3\src\core\quaternion.cpp">
      <Filter>core</Filter>
    </ClCompile>
    <ClCompile Include="D:\Software\PBRT\pbrt-v3\src\core\reflection.cpp">
      <Filter>core</Filter>
    </ClCompile>
    <ClCompile Include="D:\Software\PBRT\pbrt-v3\src\core\sampler.cpp">
      <Filter>core</Filter>
    </ClCompile>
    <ClCompile Include="D:\Software\PBRT\pbrt-v3\src\core\sampling.cpp">
      <Filter>core</Filter>
    </ClCompile>
    <ClCompile Include="D:\Software\PBRT\pbrt-v3\src\core\scene.cpp">
      <Filter>core</Filter>
    </ClCompile>
    <ClCompile Include="D:\Software\PBRT\pbrt-v3\src\core\shape.cpp">
      <Filter>core</Filter>
    </ClCompile>
    <ClCompile Include="D:\Software\PBRT\pbrt-v3\src\core\sobolmatrices.cpp">
      <Filter>core</Filter>
    </ClCompile>
    <ClCompile Include="D:\Software\PBRT\pbrt-v3\src\core\spectrum.cpp">
      <Filter>core</Filter>
    </ClCompile>
    <ClCompile Include="D:\Software\PBRT\pbrt-v3\src\core\stats.cpp">
      <Filter>core</Filter>
    </ClCompile>
    <ClCompile Include="D:\Software\PBRT\pbrt-v3\src\core\texture.cpp">
      <Filter>core</Filter>
    </ClCompile>
    <ClCompile Include="D:\Software\PBRT\pbrt-v3\src\core\transform.cpp">
      <Filter>core</Filter>
    </ClCompile>
    <ClCompile Include="D:\Software\PBRT\pbrt-v3\src\accelerators\bvh.cpp">
      <Filter>accelerators</Filter>
    </ClCompile>
    <ClCompile Include="D:\Software\PBRT\pbrt-v3\src\accelerators\kdtreeaccel.cpp">
      <Filter>accelerators</Filter>
    </ClCompile>
    <ClCompile Include="D:\Software\PBRT\pbrt-v3\src\cameras\environment.cpp">
      <Filter>cameras</Filter>
    </ClCompile>
    <ClCompile Include="D:\Software\PBRT\pbrt-v3\src\cameras\orthographic.cpp">
      <Filter>cameras</Filter>
    </ClCompile>
    <ClCompile Include="D:\Software\PBRT\pbrt-v3\src\cameras\perspective.cpp">
      <Filter>cameras</Filter>
    </ClCompile>
    <ClCompile Include="D:\Software\PBRT\pbrt-v3\src\cameras\realistic.cpp">
      <Filter>cameras</Filter>
    </ClCompile>
    <ClCompile Include="D:\Software\PBRT\pbrt-v3\src\ext\ArHosekSkyModel.c">
      <Filter>ext</Filter>
    </ClCompile>
    <ClCompile Include="D:\Software\PBRT\pbrt-v3\src\ext\lodepng.cpp">
      <Filter>ext</Filter>
    </ClCompile>
    <ClCompile Include="D:\Software\PBRT\pbrt-v3\src\ext\rply.cpp">
      <Filter>ext</Filter>
    </ClCompile>
    <ClCompile Include="D:\Software\PBRT\pbrt-v3\src\ext\targa.cpp">
      <Filter>ext</Filter>
    </ClCompile>
    <ClCompile Include="D:\Software\PBRT\pbrt-v3\src\filters\box.cpp">
      <Filter>filters</Filter>
    </ClCompile>
    <ClCompile Include="D:\Software\PBRT\pbrt-v3\src\filters\gaussian.cpp">
      <Filter>filters</Filter>
    </ClCompile>
    <ClCompile Include="D:\Software\PBRT\pbrt-v3\src\filters\mitchell.cpp">
      <Filter>filters</Filter>
    </ClCompile>
    <ClCompile Include="D:\Software\PBRT\pbrt-v3\src\filters\sinc.cpp">
      <Filter>filters</Filter>
    </ClCompile>
    <ClCompile Include="D:\Software\PBRT\pbrt-v3\src\filters\triangle.cpp">
      <Filter>filters</Filter>
    </ClCompile>
    <ClCompile Include="D:\Software\PBRT\pbrt-v3\src\integrators\ao.cpp">
      <Filter>integrators</Filter>
    </ClCompile>
    <ClCompile Include="D:\Software\PBRT\pbrt-v3\src\integrators\bdpt.cpp">
      <Filter>integrators</Filter>
    </ClCompile>
    <ClCompile Include="D:\Software\PBRT\pbrt-v3\src\integrators\directlighting.cpp">
      <Filter>integrators</Filter>
    </ClCompile>
    <ClCompile Include="D:\Software\PBRT\pbrt-v3\src\integrators\mlt.cpp">
      <Filter>integrators</Filter>
    </ClCompile>
    <ClCompile Include="D:\Software\PBRT\pbrt-v3\src\integrators\path.cpp">
      <Filter>integrators</Filter>
    </ClCompile>
    <ClCompile Include="D:\Software\PBRT\pbrt-v3\src\integrators\sppm.cpp">
      <Filter>integrators</Filter>
    </ClCompile>
    <ClCompile Include="D:\Software\PBRT\pbrt-v3\src\integrators\volpath.cpp">
      <Filter>integrators</Filter>
    </ClCompile>
    <ClCompile Include="D:\Software\PBRT\pbrt-v3\src\integrators\whitted.cpp">
      <Filter>integrators</Filter>
    </ClCompile>
    <ClCompile Include="D:\Software\PBRT\pbrt-v3\src\lights\diffuse.cpp">
      <Filter>lights</Filter>
    </ClCompile>
    <ClCompile Include="D:\Software\PBRT\pbrt-v3\src\lights\distant.cpp">
      <Filter>lights</Filter>
    </ClCompile>
    <ClCompile Include="D:\Software\PBRT\pbrt-v3\src\lights\goniometric.cpp">
      <Filter>lights</Filter>
    </ClCompile>
    <ClCompile Include="D:\Software\PBRT\pbrt-v3\src\lights\infinite.cpp">
      <Filter>lights</Filter>
    </ClCompile>
    <ClCompile Include="D:\Software\PBRT\pbrt-v3\src\lights\point.cpp">
      <Filter>lights</Filter>
    </ClCompile>
    <ClCompile Include="D:\Software\PBRT\pbrt-v3\src\lights\projection.cpp">
      <Filter>lights</Filter>
    </ClCompile>
    <ClCompile Include="D:\Software\PBRT\pbrt-v3\src\lights\spot.cpp">
      <Filter>lights</Filter>
    </ClCompile>
    <ClCompile Include="D:\Software\PBRT\pbrt-v3\src\materials\disney.cpp">
      <Filter>materials</Filter>
    </ClCompile>
    <ClCompile Include="D:\Software\PBRT\pbrt-v3\src\materials\fourier.cpp">
      <Filter>materials</Filter>
    </ClCompile>
    <ClCompile Include="D:\Software\PBRT\pbrt-v3\src\materials\glass.cpp">
      <Filter>materials</Filter>
    </ClCompile>
    <ClCompile Include="D:\Software\PBRT\pbrt-v3\src\materials\hair.cpp">
      <Filter>materials</Filter>
    </ClCompile>
    <ClCompile Include="D:\Software\PBRT\pbrt-v3\src\materials\kdsubsurface.cpp">
      <Filter>materials</Filter>
    </ClCompile>
    <ClCompile Include="D:\Software\PBRT\pbrt-v3\src\materials\matte.cpp">
      <Filter>materials</Filter>
    </ClCompile>
    <ClCompile Include="D:\Software\PBRT\pbrt-v3\src\materials\metal.cpp">
      <Filter>materials</Filter>
    </ClCompile>
    <ClCompile Include="D:\Software\PBRT\pbrt-v3\src\materials\mirror.cpp">
      <Filter>materials</Filter>
    </ClCompile>
    <ClCompile Include="D:\Software\PBRT\pbrt-v3\src\materials\mixmat.cpp">
      <Filter>materials</Filter>
    </ClCompile>
    <ClCompile Include="D:\Software\PBRT\pbrt-v3\src\materials\plastic.cpp">
      <Filter>materials</Filter>
    </ClCompile>
    <ClCompile Include="D:\Software\PBRT\pbrt-v3\src\materials\substrate.cpp">
      <Filter>materials</Filter>
    </ClCompile>
    <ClCompile Include="D:\Software\PBRT\pbrt-v3\src\materials\subsurface.cpp">
      <Filter>materials</Filter>
    </ClCompile>
    <ClCompile Include="D:\Software\PBRT\pbrt-v3\src\materials\translucent.cpp">
      <Filter>materials</Filter>
    </ClCompile>
    <ClCompile Include="D:\Software\PBRT\pbrt-v3\src\materials\uber.cpp">
      <Filter>materials</Filter>
    </ClCompile>
    <ClCompile Include="D:\Software\PBRT\pbrt-v3\src\media\grid.cpp">
      <Filter>media</Filter>
    </ClCompile>
    <ClCompile Include="D:\Software\PBRT\pbrt-v3\src\media\homogeneous.cpp">
      <Filter>media</Filter>
    </ClCompile>
    <ClCompile Include="D:\Software\PBRT\pbrt-v3\src\samplers\halton.cpp">
      <Filter>samplers</Filter>
    </ClCompile>
    <ClCompile Include="D:\Software\PBRT\pbrt-v3\src\samplers\maxmin.cpp">
      <Filter>samplers</Filter>
    </ClCompile>
    <ClCompile Include="D:\Software\PBRT\pbrt-v3\src\samplers\random.cpp">
      <Filter>samplers</Filter>
    </ClCompile>
    <ClCompile Include="D:\Software\PBRT\pbrt-v3\src\samplers\sobol.cpp">
      <Filter>samplers</Filter>
    </ClCompile>
    <ClCompile Include="D:\Software\PBRT\pbrt-v3\src\samplers\stratified.cpp">
      <Filter>samplers</Filter>
    </ClCompile>
    <ClCompile Include="D:\Software\PBRT\pbrt-v3\src\samplers\zerotwosequence.cpp">
      <Filter>samplers</Filter>
    </ClCompile>
    <ClCompile Include="D:\Software\PBRT\pbrt-v3\src\shapes\cone.cpp">
      <Filter>shapes</Filter>
    </ClCompile>
    <ClCompile Include="D:\Software\PBRT\pbrt-v3\src\shapes\curve.cpp">
      <Filter>shapes</Filter>
    </ClCompile>
    <ClCompile Include="D:\Software\PBRT\pbrt-v3\src\shapes\cylinder.cpp">
      <Filter>shapes</Filter>
    </ClCompile>
    <ClCompile Include="D:\Software\PBRT\pbrt-v3\src\shapes\disk.cpp">
      <Filter>shapes</Filter>
    </ClCompile>
    <ClCompile Include="D:\Software\PBRT\pbrt-v3\src\shapes\heightfield.cpp">
      <Filter>shapes</Filter>
    </ClCompile>
    <ClCompile Include="D:\Software\PBRT\pbrt-v3\src\shapes\hyperboloid.cpp">
      <Filter>shapes</Filter>
    </ClCompile>
    <ClCompile Include="D:\Software\PBRT\pbrt-v3\src\shapes\loopsubdiv.cpp">
      <Filter>shapes</Filter>
    </ClCompile>
    <ClCompile Include="D:\Software\PBRT\pbrt-v3\src\shapes\nurbs.cpp">
      <Filter>shapes</Filter>
    </ClCompile>
    <ClCompile Include="D:\Software\PBRT\pbrt-v3\src\shapes\paraboloid.cpp">
      <Filter>shapes</Filter>
    </ClCompile>
    <ClCompile Include="D:\Software\PBRT\pbrt-v3\src\shapes\plymesh.cpp">
      <Filter>shapes</Filter>
    </ClCompile>
    <ClCompile Include="D:\Software\PBRT\pbrt-v3\src\shapes\sphere.cpp">
      <Filter>shapes</Filter>
    </ClCompile>
    <ClCompile Include="D:\Software\PBRT\pbrt-v3\src\shapes\triangle.cpp">
      <Filter>shapes</Filter>
    </ClCompile>
    <ClCompile Include="D:\Software\PBRT\pbrt-v3\src\textures\bilerp.cpp">
      <Filter>textures</Filter>
    </ClCompile>
    <ClCompile Include="D:\Software\PBRT\pbrt-v3\src\textures\checkerboard.cpp">
      <Filter>textures</Filter>
    </ClCompile>
    <ClCompile Include="D:\Software\PBRT\pbrt-v3\src\textures\constant.cpp">
      <Filter>textures</Filter>
    </ClCompile>
    <ClCompile Include="D:\Software\PBRT\pbrt-v3\src\textures\dots.cpp">
      <Filter>textures</Filter>
    </ClCompile>
    <ClCompile Include="D:\Software\PBRT\pbrt-v3\src\textures\fbm.cpp">
      <Filter>textures</Filter>
    </ClCompile>
    <ClCompile Include="D:\Software\PBRT\pbrt-v3\src\textures\imagemap.cpp">
      <Filter>textures</Filter>
    </ClCompile>
    <ClCompile Include="D:\Software\PBRT\pbrt-v3\src\textures\marble.cpp">
      <Filter>textures</Filter>
    </ClCompile>
    <ClCompile Include="D:\Software\PBRT\pbrt-v3\src\textures\mix.cpp">
      <Filter>textures</Filter>
    </ClCompile>
    <ClCompile Include="D:\Software\PBRT\pbrt-v3\src\textures\ptex.cpp">
      <Filter>textures</Filter>
    </ClCompile>
    <ClCompile Include="D:\Software\PBRT\pbrt-v3\src\textures\scale.cpp">
      <Filter>textures</Filter>
    </ClCompile>
    <ClCompile Include="D:\Software\PBRT\pbrt-v3\src\textures\uv.cpp">
      <Filter>textures</Filter>
    </ClCompile>
    <ClCompile Include="D:\Software\PBRT\pbrt-v3\src\textures\windy.cpp">
      <Filter>textures</Filter>
    </ClCompile>
    <ClCompile Include="D:\Software\PBRT\pbrt-v3\src\textures\wrinkled.cpp">
      <Filter>textures</Filter>
    </ClCompile>
  </ItemGroup>
  <ItemGroup>
    <ClInclude Include="D:\Software\PBRT\pbrt-v3\src\core\api.h">
      <Filter>core</Filter>
    </ClInclude>
    <ClInclude Include="D:\Software\PBRT\pbrt-v3\src\core\bssrdf.h">
      <Filter>core</Filter>
    </ClInclude>
    <ClInclude Include="D:\Software\PBRT\pbrt-v3\src\core\camera.h">
      <Filter>core</Filter>
    </ClInclude>
    <ClInclude Include="D:\Software\PBRT\pbrt-v3\src\core\efloat.h">
      <Filter>core</Filter>
    </ClInclude>
    <ClInclude Include="D:\Software\PBRT\pbrt-v3\src\core\error.h">
      <Filter>core</Filter>
    </ClInclude>
    <ClInclude Include="D:\Software\PBRT\pbrt-v3\src\core\fileutil.h">
      <Filter>core</Filter>
    </ClInclude>
    <ClInclude Include="D:\Software\PBRT\pbrt-v3\src\core\film.h">
      <Filter>core</Filter>
    </ClInclude>
    <ClInclude Include="D:\Software\PBRT\pbrt-v3\src\core\filter.h">
      <Filter>core</Filter>
    </ClInclude>
    <ClInclude Include="D:\Software\PBRT\pbrt-v3\src\core\floatfile.h">
      <Filter>core</Filter>
    </ClInclude>
    <ClInclude Include="D:\Software\PBRT\pbrt-v3\src\core\geometry.h">
      <Filter>core</Filter>
    </ClInclude>
    <ClInclude Include="D:\Software\PBRT\pbrt-v3\src\core\imageio.h">
      <Filter>core</Filter>
    </ClInclude>
    <ClInclude Include="D:\Software\PBRT\pbrt-v3\src\core\integrator.h">
      <Filter>core</Filter>
    </ClInclude>
    <ClInclude Include="D:\Software\PBRT\pbrt-v3\src\core\interaction.h">
      <Filter>core</Filter>
    </ClInclude>
    <ClInclude Include="D:\Software\PBRT\pbrt-v3\src\core\interpolation.h">
      <Filter>core</Filter>
    </ClInclude>
    <ClInclude Include="D:\Software\PBRT\pbrt-v3\src\core\light.h">
      <Filter>core</Filter>
    </ClInclude>
    <ClInclude Include="D:\Software\PBRT\pbrt-v3\src\core\lowdiscrepancy.h">
      <Filter>core</Filter>
    </ClInclude>
    <ClInclude Include="D:\Software\PBRT\pbrt-v3\src\core\material.h">
      <Filter>core</Filter>
    </ClInclude>
    <ClInclude Include="D:\Software\PBRT\pbrt-v3\src\core\medium.h">
      <Filter>core</Filter>
    </ClInclude>
    <ClInclude Include="D:\Software\PBRT\pbrt-v3\src\core\memory.h">
      <Filter>core</Filter>
    </ClInclude>
    <ClInclude Include="D:\Software\PBRT\pbrt-v3\src\core\microfacet.h">
      <Filter>core</Filter>
    </ClInclude>
    <ClInclude Include="D:\Software\PBRT\pbrt-v3\src\core\mipmap.h">
      <Filter>core</Filter>
    </ClInclude>
    <ClInclude Include="D:\Software\PBRT\pbrt-v3\src\core\parallel.h">
      <Filter>core</Filter>
    </ClInclude>
    <ClInclude Include="D:\Software\PBRT\pbrt-v3\src\core\paramset.h">
      <Filter>core</Filter>
    </ClInclude>
    <ClInclude Include="D:\Software\PBRT\pbrt-v3\src\core\parser.h">
      <Filter>core</Filter>
    </ClInclude>
    <ClInclude Include="D:\Software\PBRT\pbrt-v3\src\core\pbrt.h">
      <Filter>core</Filter>
    </ClInclude>
    <ClInclude Include="D:\Software\PBRT\pbrt-v3\src\core\primitive.h">
      <Filter>core</Filter>
    </ClInclude>
    <ClInclude Include="D:\Software\PBRT\pbrt-v3\src\core\progressreporter.h">
      <Filter>core</Filter>
    </ClInclude>
    <ClInclude Include="D:\Software\PBRT\pbrt-v3\src\core\quaternion.h">
      <Filter>core</Filter>
    </ClInclude>
    <ClInclude Include="D:\Software\PBRT\pbrt-v3\src\core\reflection.h">
      <Filter>core</Filter>
    </ClInclude>
    <ClInclude Include="D:\Software\PBRT\pbrt-v3\src\core\rng.h">
      <Filter>core</Filter>
    </ClInclude>
    <ClInclude Include="D:\Software\PBRT\pbrt-v3\src\core\sampler.h">
      <Filter>core</Filter>
    </ClInclude>
    <ClInclude Include="D:\Software\PBRT\pbrt-v3\src\core\sampling.h">
      <Filter>core</Filter>
    </ClInclude>
    <ClInclude Include="D:\Software\PBRT\pbrt-v3\src\core\scene.h">
      <Filter>core</Filter>
    </ClInclude>
    <ClInclude Include="D:\Software\PBRT\pbrt-v3\src\core\shape.h">
      <Filter>core</Filter>
    </ClInclude>
    <ClInclude Include="D:\Software\PBRT\pbrt-v3\src\core\sobolmatrices.h">
      <Filter>core</Filter>
    </ClInclude>
    <ClInclude Include="D:\Software\PBRT\pbrt-v3\src\core\spectrum.h">
      <Filter>core</Filter>
    </ClInclude>
    <ClInclude Include="D:\Software\PBRT\pbrt-v3\src\core\stats.h">
      <Filter>core</Filter>
    </ClInclude>
    <ClInclude Include="D:\Software\PBRT\pbrt-v3\src\core\stringprint.h">
      <Filter>core</Filter>
    </ClInclude>
    <ClInclude Include="D:\Software\PBRT\pbrt-v3\src\core\texture.h">
      <Filter>core</Filter>
    </ClInclude>
    <ClInclude Include="D:\Software\PBRT\pbrt-v3\src\core\transform.h">
      <Filter>core</Filter>
    </ClInclude>
    <ClInclude Include="D:\Software\PBRT\pbrt-v3\src\accelerators\bvh.h">
      <Filter>accelerators</Filter>
    </ClInclude>
    <ClInclude Include="D:\Software\PBRT\pbrt-v3\src\accelerators\kdtreeaccel.h">
      <Filter>accelerators</Filter>
    </ClInclude>
    <ClInclude Include="D:\Software\PBRT\pbrt-v3\src\cameras\environment.h">
      <Filter>cameras</Filter>
    </ClInclude>
    <ClInclude Include="D:\Software\PBRT\pbrt-v3\src\cameras\orthographic.h">
      <Filter>cameras</Filter>
    </ClInclude>
    <ClInclude Include="D:\Software\PBRT\pbrt-v3\src\cameras\perspective.h">
      <Filter>cameras</Filter>
    </ClInclude>
    <ClInclude Include="D:\Software\PBRT\pbrt-v3\src\cameras\realistic.h">
      <Filter>cameras</Filter>
    </ClInclude>
    <ClInclude Include="D:\Software\PBRT\pbrt-v3\src\ext\ArHosekSkyModel.h">
      <Filter>ext</Filter>
    </ClInclude>
    <ClInclude Include="D:\Software\PBRT\pbrt-v3\src\ext\ArHosekSkyModelData_CIEXYZ.h">
      <Filter>ext</Filter>
    </ClInclude>
    <ClInclude Include="D:\Software\PBRT\pbrt-v3\src\ext\ArHosekSkyModelData_RGB.h">
      <Filter>ext</Filter>
    </ClInclude>
    <ClInclude Include="D:\Software\PBRT\pbrt-v3\src\ext\ArHosekSkyModelData_Spectral.h">
      <Filter>ext</Filter>
    </ClInclude>
    <ClInclude Include="D:\Software\PBRT\pbrt-v3\src\ext\lodepng.h">
      <Filter>ext</Filter>
    </ClInclude>
    <ClInclude Include="D:\Software\PBRT\pbrt-v3\src\ext\rply.h">
      <Filter>ext</Filter>
    </ClInclude>
    <ClInclude Include="D:\Software\PBRT\pbrt-v3\src\ext\targa.h">
      <Filter>ext</Filter>
    </ClInclude>
    <ClInclude Include="D:\Software\PBRT\pbrt-v3\src\filters\box.h">
      <Filter>filters</Filter>
    </ClInclude>
    <ClInclude Include="D:\Software\PBRT\pbrt-v3\src\filters\gaussian.h">
      <Filter>filters</Filter>
    </ClInclude>
    <ClInclude Include="D:\Software\PBRT\pbrt-v3\src\filters\mitchell.h">
      <Filter>filters</Filter>
    </ClInclude>
    <ClInclude Include="D:\Software\PBRT\pbrt-v3\src\filters\sinc.h">
      <Filter>filters</Filter>
    </ClInclude>
    <ClInclude Include="D:\Software\PBRT\pbrt-v3\src\filters\triangle.h">
      <Filter>filters</Filter>
    </ClInclude>
    <ClInclude Include="D:\Software\PBRT\pbrt-v3\src\integrators\ao.h">
      <Filter>integrators</Filter>
    </ClInclude>
    <ClInclude Include="D:\Software\PBRT\pbrt-v3\src\integrators\bdpt.h">
      <Filter>integrators</Filter>
    </ClInclude>
    <ClInclude Include="D:\Software\PBRT\pbrt-v3\src\integrators\directlighting.h">
      <Filter>integrators</Filter>
    </ClInclude>
    <ClInclude Include="D:\Software\PBRT\pbrt-v3\src\integrators\mlt.h">
      <Filter>integrators</Filter>
    </ClInclude>
    <ClInclude Include="D:\Software\PBRT\pbrt-v3\src\integrators\path.h">
      <Filter>integrators</Filter>
    </ClInclude>
    <ClInclude Include="D:\Software\PBRT\pbrt-v3\src\integrators\sppm.h">
      <Filter>integrators</Filter>
    </ClInclude>
    <ClInclude Include="D:\Software\PBRT\pbrt-v3\src\integrators\volpath.h">
      <Filter>integrators</Filter>
    </ClInclude>
    <ClInclude Include="D:\Software\PBRT\pbrt-v3\src\integrators\whitted.h">
      <Filter>integrators</Filter>
    </ClInclude>
    <ClInclude Include="D:\Software\PBRT\pbrt-v3\src\lights\diffuse.h">
      <Filter>lights</Filter>
    </ClInclude>
    <ClInclude Include="D:\Software\PBRT\pbrt-v3\src\lights\distant.h">
      <Filter>lights</Filter>
    </ClInclude>
    <ClInclude Include="D:\Software\PBRT\pbrt-v3\src\lights\goniometric.h">
      <Filter>lights</Filter>
    </ClInclude>
    <ClInclude Include="D:\Software\PBRT\pbrt-v3\src\lights\infinite.h">
      <Filter>lights</Filter>
    </ClInclude>
    <ClInclude Include="D:\Software\PBRT\pbrt-v3\src\lights\point.h">
      <Filter>lights</Filter>
    </ClInclude>
    <ClInclude Include="D:\Software\PBRT\pbrt-v3\src\lights\projection.h">
      <Filter>lights</Filter>
    </ClInclude>
    <ClInclude Include="D:\Software\PBRT\pbrt-v3\src\lights\spot.h">
      <Filter>lights</Filter>
    </ClInclude>
    <ClInclude Include="D:\Software\PBRT\pbrt-v3\src\materials\disney.h">
      <Filter>materials</Filter>
    </ClInclude>
    <ClInclude Include="D:\Software\PBRT\pbrt-v3\src\materials\fourier.h">
      <Filter>materials</Filter>
    </ClInclude>
    <ClInclude Include="D:\Software\PBRT\pbrt-v3\src\materials\glass.h">
      <Filter>materials</Filter>
    </ClInclude>
    <ClInclude Include="D:\Software\PBRT\pbrt-v3\src\materials\hair.h">
      <Filter>materials</Filter>
    </ClInclude>
    <ClInclude Include="D:\Software\PBRT\pbrt-v3\src\materials\kdsubsurface.h">
      <Filter>materials</Filter>
    </ClInclude>
    <ClInclude Include="D:\Software\PBRT\pbrt-v3\src\materials\matte.h">
      <Filter>materials</Filter>
    </ClInclude>
    <ClInclude Include="D:\Software\PBRT\pbrt-v3\src\materials\metal.h">
      <Filter>materials</Filter>
    </ClInclude>
    <ClInclude Include="D:\Software\PBRT\pbrt-v3\src\materials\mirror.h">
      <Filter>materials</Filter>
    </ClInclude>
    <ClInclude Include="D:\Software\PBRT\pbrt-v3\src\materials\mixmat.h">
      <Filter>materials</Filter>
    </ClInclude>
    <ClInclude Include="D:\Software\PBRT\pbrt-v3\src\materials\plastic.h">
      <Filter>materials</Filter>
    </ClInclude>
    <ClInclude Include="D:\Software\PBRT\pbrt-v3\src\materials\substrate.h">
      <Filter>materials</Filter>
    </ClInclude>
    <ClInclude Include="D:\Software\PBRT\pbrt-v3\src\materials\subsurface.h">
      <Filter>materials</Filter>
    </ClInclude>
    <ClInclude Include="D:\Software\PBRT\pbrt-v3\src\materials\translucent.h">
      <Filter>materials</Filter>
    </ClInclude>
    <ClInclude Include="D:\Software\PBRT\pbrt-v3\src\materials\uber.h">
      <Filter>materials</Filter>
    </ClInclude>
    <ClInclude Include="D:\Software\PBRT\pbrt-v3\src\media\grid.h">
      <Filter>media</Filter>
    </ClInclude>
    <ClInclude Include="D:\Software\PBRT\pbrt-v3\src\media\homogeneous.h">
      <Filter>media</Filter>
    </ClInclude>
    <ClInclude Include="D:\Software\PBRT\pbrt-v3\src\samplers\halton.h">
      <Filter>samplers</Filter>
    </ClInclude>
    <ClInclude Include="D:\Software\PBRT\pbrt-v3\src\samplers\maxmin.h">
      <Filter>samplers</Filter>
    </ClInclude>
    <ClInclude Include="D:\Software\PBRT\pbrt-v3\src\samplers\random.h">
      <Filter>samplers</Filter>
    </ClInclude>
    <ClInclude Include="D:\Software\PBRT\pbrt-v3\src\samplers\sobol.h">
      <Filter>samplers</Filter>
    </ClInclude>
    <ClInclude Include="D:\Software\PBRT\pbrt-v3\src\samplers\stratified.h">
      <Filter>samplers</Filter>
    </ClInclude>
    <ClInclude Include="D:\Software\PBRT\pbrt-v3\src\samplers\zerotwosequence.h">
      <Filter>samplers</Filter>
    </ClInclude>
    <ClInclude Include="D:\Software\PBRT\pbrt-v3\src\shapes\cone.h">
      <Filter>shapes</Filter>
    </ClInclude>
    <ClInclude Include="D:\Software\PBRT\pbrt-v3\src\shapes\curve.h">
      <Filter>shapes</Filter>
    </ClInclude>
    <ClInclude Include="D:\Software\PBRT\pbrt-v3\src\shapes\cylinder.h">
      <Filter>shapes</Filter>
    </ClInclude>
    <ClInclude Include="D:\Software\PBRT\pbrt-v3\src\shapes\disk.h">
      <Filter>shapes</Filter>
    </ClInclude>
    <ClInclude Include="D:\Software\PBRT\pbrt-v3\src\shapes\heightfield.h">
      <Filter>shapes</Filter>
    </ClInclude>
    <ClInclude Include="D:\Software\PBRT\pbrt-v3\src\shapes\hyperboloid.h">
      <Filter>shapes</Filter>
    </ClInclude>
    <ClInclude Include="D:\Software\PBRT\pbrt-v3\src\shapes\loopsubdiv.h">
      <Filter>shapes</Filter>
    </ClInclude>
    <ClInclude Include="D:\Software\PBRT\pbrt-v3\src\shapes\nurbs.h">
      <Filter>shapes</Filter>
    </ClInclude>
    <ClInclude Include="D:\Software\PBRT\pbrt-v3\src\shapes\paraboloid.h">
      <Filter>shapes</Filter>
    </ClInclude>
    <ClInclude Include="D:\Software\PBRT\pbrt-v3\src\shapes\plymesh.h">
      <Filter>shapes</Filter>
    </ClInclude>
    <ClInclude Include="D:\Software\PBRT\pbrt-v3\src\shapes\sphere.h">
      <Filter>shapes</Filter>
    </ClInclude>
    <ClInclude Include="D:\Software\PBRT\pbrt-v3\src\shapes\triangle.h">
      <Filter>shapes</Filter>
    </ClInclude>
    <ClInclude Include="D:\Software\PBRT\pbrt-v3\src\textures\bilerp.h">
      <Filter>textures</Filter>
    </ClInclude>
    <ClInclude Include="D:\Software\PBRT\pbrt-v3\src\textures\checkerboard.h">
      <Filter>textures</Filter>
    </ClInclude>
    <ClInclude Include="D:\Software\PBRT\pbrt-v3\src\textures\constant.h">
      <Filter>textures</Filter>
    </ClInclude>
    <ClInclude Include="D:\Software\PBRT\pbrt-v3\src\textures\dots.h">
      <Filter>textures</Filter>
    </ClInclude>
    <ClInclude Include="D:\Software\PBRT\pbrt-v3\src\textures\fbm.h">
      <Filter>textures</Filter>
    </ClInclude>
    <ClInclude Include="D:\Software\PBRT\pbrt-v3\src\textures\imagemap.h">
      <Filter>textures</Filter>
    </ClInclude>
    <ClInclude Include="D:\Software\PBRT\pbrt-v3\src\textures\marble.h">
      <Filter>textures</Filter>
    </ClInclude>
    <ClInclude Include="D:\Software\PBRT\pbrt-v3\src\textures\mix.h">
      <Filter>textures</Filter>
    </ClInclude>
    <ClInclude Include="D:\Software\PBRT\pbrt-v3\src\textures\ptex.h">
      <Filter>textures</Filter>
    </ClInclude>
    <ClInclude Include="D:\Software\PBRT\pbrt-v3\src\textures\scale.h">
      <Filter>textures</Filter>
    </ClInclude>
    <ClInclude Include="D:\Software\PBRT\pbrt-v3\src\textures\uv.h">
      <Filter>textures</Filter>
    </ClInclude>
    <ClInclude Include="D:\Software\PBRT\pbrt-v3\src\textures\windy.h">
      <Filter>textures</Filter>
    </ClInclude>
    <ClInclude Include="D:\Software\PBRT\pbrt-v3\src\textures\wrinkled.h">
      <Filter>textures</Filter>
    </ClInclude>
  </ItemGroup>
  <ItemGroup>
    <CustomBuild Include="D:\Software\PBRT\pbrt-v3\CMakeLists.txt" />
  </ItemGroup>
  <ItemGroup>
    <None Include="D:\Software\PBRT\pbrt-v3\src\ext\glog">
      <Filter>ext</Filter>
    </None>
    <None Include="D:\Software\PBRT\pbrt-v3\src\ext\openexr">
      <Filter>ext</Filter>
    </None>
    <None Include="D:\Software\PBRT\pbrt-v3\src\ext\ptex">
      <Filter>ext</Filter>
    </None>
    <None Include="D:\Software\PBRT\pbrt-v3\src\ext\zlib">
      <Filter>ext</Filter>
    </None>
  </ItemGroup>
  <ItemGroup>
    <Filter Include="accelerators">
      <UniqueIdentifier>{A8E3AA6F-13B9-30B4-B4EE-6118706A6506}</UniqueIdentifier>
    </Filter>
    <Filter Include="cameras">
      <UniqueIdentifier>{F3DACA5E-A12F-353E-B57F-CD07591095D9}</UniqueIdentifier>
    </Filter>
    <Filter Include="core">
      <UniqueIdentifier>{0818A4DB-E359-3943-A08B-F778D495058B}</UniqueIdentifier>
    </Filter>
    <Filter Include="ext">
      <UniqueIdentifier>{B10FE8B0-CE47-3D18-A3BE-5F45DAE8950E}</UniqueIdentifier>
    </Filter>
    <Filter Include="filters">
      <UniqueIdentifier>{1ACBC878-CA7D-34DB-9417-16B89BA4D9A1}</UniqueIdentifier>
    </Filter>
    <Filter Include="integrators">
      <UniqueIdentifier>{790AC63B-D70B-3371-8DED-FCB81686564E}</UniqueIdentifier>
    </Filter>
    <Filter Include="lights">
      <UniqueIdentifier>{D88E299A-8177-3114-98EE-615DABB2682F}</UniqueIdentifier>
    </Filter>
    <Filter Include="materials">
      <UniqueIdentifier>{4F958E98-C554-3923-A005-F954123462B0}</UniqueIdentifier>
    </Filter>
    <Filter Include="media">
      <UniqueIdentifier>{46AA7157-AFBB-3AF9-9019-E3079AA3E6CD}</UniqueIdentifier>
    </Filter>
    <Filter Include="samplers">
      <UniqueIdentifier>{0D0F2EEC-EF6E-3AD2-B112-90580837837C}</UniqueIdentifier>
    </Filter>
    <Filter Include="shapes">
      <UniqueIdentifier>{70BF907C-9D33-3FB1-8714-0543592538EF}</UniqueIdentifier>
    </Filter>
    <Filter Include="textures">
      <UniqueIdentifier>{198DD9F7-C387-3F2D-B663-249A3C656521}</UniqueIdentifier>
    </Filter>
  </ItemGroup>
</Project>
