<?xml version="1.0" encoding="utf-8"?>
<Project ToolsVersion="16.0" xmlns="http://schemas.microsoft.com/developer/msbuild/2003">
  <ItemGroup>
    <CustomBuild Include="D:\Software\PBRT\PBRT Build\CMakeFiles\c9105b9c4384172400932a618b69bcdc\INSTALL_force.rule">
      <Filter>CMake Rules</Filter>
    </CustomBuild>
  </ItemGroup>
  <ItemGroup>
    <Filter Include="CMake Rules">
      <UniqueIdentifier>{28C64792-FF90-3732-97B6-568CED9AB33C}</UniqueIdentifier>
    </Filter>
  </ItemGroup>
</Project>
