
Microsoft Visual Studio Solution File, Format Version 12.00
# Visual Studio Version 16
Project("{2150E333-8FDC-42A3-9474-1A3956D46DE8}") = "CMakePredefinedTargets", "CMakePredefinedTargets", "{87C40441-5642-363D-B3E2-D777664D45B6}"
EndProject
Project("{2150E333-8FDC-42A3-9474-1A3956D46DE8}") = "ext", "ext", "{D5677111-2278-3981-A549-A0DD93DC1A26}"
EndProject
Project("{8BC9CEB8-8B4A-11D0-8D11-00A0C91BC942}") = "ALL_BUILD", "ALL_BUILD.vcxproj", "{2F4B16A6-381C-3C2C-BDE2-5EB2AC0C2208}"
	ProjectSection(ProjectDependencies) = postProject
		{45C59E8C-69ED-3608-9DF3-D461C23A5B57} = {45C59E8C-69ED-3608-9DF3-D461C23A5B57}
		{2A724E8A-CD19-3C28-94A7-F00E1514D06B} = {2A724E8A-CD19-3C28-94A7-F00E1514D06B}
		{6DFCD57B-B49A-3B4C-ACDF-44133A0C5E40} = {6DFCD57B-B49A-3B4C-ACDF-44133A0C5E40}
		{81458F8B-8DF1-30DC-A2DF-8F034325E980} = {81458F8B-8DF1-30DC-A2DF-8F034325E980}
		{380DB3C5-8CEA-34D7-83F8-60404ED2A073} = {380DB3C5-8CEA-34D7-83F8-60404ED2A073}
		{C19B88D5-7F13-3004-8738-2EDF3397B925} = {C19B88D5-7F13-3004-8738-2EDF3397B925}
	EndProjectSection
EndProject
Project("{8BC9CEB8-8B4A-11D0-8D11-00A0C91BC942}") = "INSTALL", "INSTALL.vcxproj", "{33C5CC35-FAC3-3F86-946C-3FABF89390DA}"
	ProjectSection(ProjectDependencies) = postProject
		{2F4B16A6-381C-3C2C-BDE2-5EB2AC0C2208} = {2F4B16A6-381C-3C2C-BDE2-5EB2AC0C2208}
		{45C59E8C-69ED-3608-9DF3-D461C23A5B57} = {45C59E8C-69ED-3608-9DF3-D461C23A5B57}
	EndProjectSection
EndProject
Project("{8BC9CEB8-8B4A-11D0-8D11-00A0C91BC942}") = "PACKAGE", "PACKAGE.vcxproj", "{87DEF544-3A9C-33A3-B613-E44980C985DD}"
	ProjectSection(ProjectDependencies) = postProject
		{2F4B16A6-381C-3C2C-BDE2-5EB2AC0C2208} = {2F4B16A6-381C-3C2C-BDE2-5EB2AC0C2208}
		{45C59E8C-69ED-3608-9DF3-D461C23A5B57} = {45C59E8C-69ED-3608-9DF3-D461C23A5B57}
	EndProjectSection
EndProject
Project("{8BC9CEB8-8B4A-11D0-8D11-00A0C91BC942}") = "RUN_TESTS", "RUN_TESTS.vcxproj", "{D01CBF68-3AE1-3839-A7BA-DACA8583E03F}"
	ProjectSection(ProjectDependencies) = postProject
		{45C59E8C-69ED-3608-9DF3-D461C23A5B57} = {45C59E8C-69ED-3608-9DF3-D461C23A5B57}
	EndProjectSection
EndProject
Project("{8BC9CEB8-8B4A-11D0-8D11-00A0C91BC942}") = "ZERO_CHECK", "..\..\..\\ZERO_CHECK.vcxproj", "{45C59E8C-69ED-3608-9DF3-D461C23A5B57}"
	ProjectSection(ProjectDependencies) = postProject
	EndProjectSection
EndProject
Project("{8BC9CEB8-8B4A-11D0-8D11-00A0C91BC942}") = "demangle_unittest", "demangle_unittest.vcxproj", "{2A724E8A-CD19-3C28-94A7-F00E1514D06B}"
	ProjectSection(ProjectDependencies) = postProject
		{45C59E8C-69ED-3608-9DF3-D461C23A5B57} = {45C59E8C-69ED-3608-9DF3-D461C23A5B57}
		{6DFCD57B-B49A-3B4C-ACDF-44133A0C5E40} = {6DFCD57B-B49A-3B4C-ACDF-44133A0C5E40}
	EndProjectSection
EndProject
Project("{8BC9CEB8-8B4A-11D0-8D11-00A0C91BC942}") = "glog", "glog.vcxproj", "{6DFCD57B-B49A-3B4C-ACDF-44133A0C5E40}"
	ProjectSection(ProjectDependencies) = postProject
		{45C59E8C-69ED-3608-9DF3-D461C23A5B57} = {45C59E8C-69ED-3608-9DF3-D461C23A5B57}
	EndProjectSection
EndProject
Project("{8BC9CEB8-8B4A-11D0-8D11-00A0C91BC942}") = "logging_unittest", "logging_unittest.vcxproj", "{81458F8B-8DF1-30DC-A2DF-8F034325E980}"
	ProjectSection(ProjectDependencies) = postProject
		{45C59E8C-69ED-3608-9DF3-D461C23A5B57} = {45C59E8C-69ED-3608-9DF3-D461C23A5B57}
		{6DFCD57B-B49A-3B4C-ACDF-44133A0C5E40} = {6DFCD57B-B49A-3B4C-ACDF-44133A0C5E40}
	EndProjectSection
EndProject
Project("{8BC9CEB8-8B4A-11D0-8D11-00A0C91BC942}") = "stl_logging_unittest", "stl_logging_unittest.vcxproj", "{380DB3C5-8CEA-34D7-83F8-60404ED2A073}"
	ProjectSection(ProjectDependencies) = postProject
		{45C59E8C-69ED-3608-9DF3-D461C23A5B57} = {45C59E8C-69ED-3608-9DF3-D461C23A5B57}
		{6DFCD57B-B49A-3B4C-ACDF-44133A0C5E40} = {6DFCD57B-B49A-3B4C-ACDF-44133A0C5E40}
	EndProjectSection
EndProject
Project("{8BC9CEB8-8B4A-11D0-8D11-00A0C91BC942}") = "utilities_unittest", "utilities_unittest.vcxproj", "{C19B88D5-7F13-3004-8738-2EDF3397B925}"
	ProjectSection(ProjectDependencies) = postProject
		{45C59E8C-69ED-3608-9DF3-D461C23A5B57} = {45C59E8C-69ED-3608-9DF3-D461C23A5B57}
		{6DFCD57B-B49A-3B4C-ACDF-44133A0C5E40} = {6DFCD57B-B49A-3B4C-ACDF-44133A0C5E40}
	EndProjectSection
EndProject
Global
	GlobalSection(SolutionConfigurationPlatforms) = preSolution
		Debug|x64 = Debug|x64
		Release|x64 = Release|x64
		MinSizeRel|x64 = MinSizeRel|x64
		RelWithDebInfo|x64 = RelWithDebInfo|x64
	EndGlobalSection
	GlobalSection(ProjectConfigurationPlatforms) = postSolution
		{2F4B16A6-381C-3C2C-BDE2-5EB2AC0C2208}.Debug|x64.ActiveCfg = Debug|x64
		{2F4B16A6-381C-3C2C-BDE2-5EB2AC0C2208}.Debug|x64.Build.0 = Debug|x64
		{2F4B16A6-381C-3C2C-BDE2-5EB2AC0C2208}.Release|x64.ActiveCfg = Release|x64
		{2F4B16A6-381C-3C2C-BDE2-5EB2AC0C2208}.Release|x64.Build.0 = Release|x64
		{2F4B16A6-381C-3C2C-BDE2-5EB2AC0C2208}.MinSizeRel|x64.ActiveCfg = MinSizeRel|x64
		{2F4B16A6-381C-3C2C-BDE2-5EB2AC0C2208}.MinSizeRel|x64.Build.0 = MinSizeRel|x64
		{2F4B16A6-381C-3C2C-BDE2-5EB2AC0C2208}.RelWithDebInfo|x64.ActiveCfg = RelWithDebInfo|x64
		{2F4B16A6-381C-3C2C-BDE2-5EB2AC0C2208}.RelWithDebInfo|x64.Build.0 = RelWithDebInfo|x64
		{33C5CC35-FAC3-3F86-946C-3FABF89390DA}.Debug|x64.ActiveCfg = Debug|x64
		{33C5CC35-FAC3-3F86-946C-3FABF89390DA}.Release|x64.ActiveCfg = Release|x64
		{33C5CC35-FAC3-3F86-946C-3FABF89390DA}.MinSizeRel|x64.ActiveCfg = MinSizeRel|x64
		{33C5CC35-FAC3-3F86-946C-3FABF89390DA}.RelWithDebInfo|x64.ActiveCfg = RelWithDebInfo|x64
		{87DEF544-3A9C-33A3-B613-E44980C985DD}.Debug|x64.ActiveCfg = Debug|x64
		{87DEF544-3A9C-33A3-B613-E44980C985DD}.Release|x64.ActiveCfg = Release|x64
		{87DEF544-3A9C-33A3-B613-E44980C985DD}.MinSizeRel|x64.ActiveCfg = MinSizeRel|x64
		{87DEF544-3A9C-33A3-B613-E44980C985DD}.RelWithDebInfo|x64.ActiveCfg = RelWithDebInfo|x64
		{D01CBF68-3AE1-3839-A7BA-DACA8583E03F}.Debug|x64.ActiveCfg = Debug|x64
		{D01CBF68-3AE1-3839-A7BA-DACA8583E03F}.Release|x64.ActiveCfg = Release|x64
		{D01CBF68-3AE1-3839-A7BA-DACA8583E03F}.MinSizeRel|x64.ActiveCfg = MinSizeRel|x64
		{D01CBF68-3AE1-3839-A7BA-DACA8583E03F}.RelWithDebInfo|x64.ActiveCfg = RelWithDebInfo|x64
		{45C59E8C-69ED-3608-9DF3-D461C23A5B57}.Debug|x64.ActiveCfg = Debug|x64
		{45C59E8C-69ED-3608-9DF3-D461C23A5B57}.Debug|x64.Build.0 = Debug|x64
		{45C59E8C-69ED-3608-9DF3-D461C23A5B57}.Release|x64.ActiveCfg = Release|x64
		{45C59E8C-69ED-3608-9DF3-D461C23A5B57}.Release|x64.Build.0 = Release|x64
		{45C59E8C-69ED-3608-9DF3-D461C23A5B57}.MinSizeRel|x64.ActiveCfg = MinSizeRel|x64
		{45C59E8C-69ED-3608-9DF3-D461C23A5B57}.MinSizeRel|x64.Build.0 = MinSizeRel|x64
		{45C59E8C-69ED-3608-9DF3-D461C23A5B57}.RelWithDebInfo|x64.ActiveCfg = RelWithDebInfo|x64
		{45C59E8C-69ED-3608-9DF3-D461C23A5B57}.RelWithDebInfo|x64.Build.0 = RelWithDebInfo|x64
		{2A724E8A-CD19-3C28-94A7-F00E1514D06B}.Debug|x64.ActiveCfg = Debug|x64
		{2A724E8A-CD19-3C28-94A7-F00E1514D06B}.Debug|x64.Build.0 = Debug|x64
		{2A724E8A-CD19-3C28-94A7-F00E1514D06B}.Release|x64.ActiveCfg = Release|x64
		{2A724E8A-CD19-3C28-94A7-F00E1514D06B}.Release|x64.Build.0 = Release|x64
		{2A724E8A-CD19-3C28-94A7-F00E1514D06B}.MinSizeRel|x64.ActiveCfg = MinSizeRel|x64
		{2A724E8A-CD19-3C28-94A7-F00E1514D06B}.MinSizeRel|x64.Build.0 = MinSizeRel|x64
		{2A724E8A-CD19-3C28-94A7-F00E1514D06B}.RelWithDebInfo|x64.ActiveCfg = RelWithDebInfo|x64
		{2A724E8A-CD19-3C28-94A7-F00E1514D06B}.RelWithDebInfo|x64.Build.0 = RelWithDebInfo|x64
		{6DFCD57B-B49A-3B4C-ACDF-44133A0C5E40}.Debug|x64.ActiveCfg = Debug|x64
		{6DFCD57B-B49A-3B4C-ACDF-44133A0C5E40}.Debug|x64.Build.0 = Debug|x64
		{6DFCD57B-B49A-3B4C-ACDF-44133A0C5E40}.Release|x64.ActiveCfg = Release|x64
		{6DFCD57B-B49A-3B4C-ACDF-44133A0C5E40}.Release|x64.Build.0 = Release|x64
		{6DFCD57B-B49A-3B4C-ACDF-44133A0C5E40}.MinSizeRel|x64.ActiveCfg = MinSizeRel|x64
		{6DFCD57B-B49A-3B4C-ACDF-44133A0C5E40}.MinSizeRel|x64.Build.0 = MinSizeRel|x64
		{6DFCD57B-B49A-3B4C-ACDF-44133A0C5E40}.RelWithDebInfo|x64.ActiveCfg = RelWithDebInfo|x64
		{6DFCD57B-B49A-3B4C-ACDF-44133A0C5E40}.RelWithDebInfo|x64.Build.0 = RelWithDebInfo|x64
		{81458F8B-8DF1-30DC-A2DF-8F034325E980}.Debug|x64.ActiveCfg = Debug|x64
		{81458F8B-8DF1-30DC-A2DF-8F034325E980}.Debug|x64.Build.0 = Debug|x64
		{81458F8B-8DF1-30DC-A2DF-8F034325E980}.Release|x64.ActiveCfg = Release|x64
		{81458F8B-8DF1-30DC-A2DF-8F034325E980}.Release|x64.Build.0 = Release|x64
		{81458F8B-8DF1-30DC-A2DF-8F034325E980}.MinSizeRel|x64.ActiveCfg = MinSizeRel|x64
		{81458F8B-8DF1-30DC-A2DF-8F034325E980}.MinSizeRel|x64.Build.0 = MinSizeRel|x64
		{81458F8B-8DF1-30DC-A2DF-8F034325E980}.RelWithDebInfo|x64.ActiveCfg = RelWithDebInfo|x64
		{81458F8B-8DF1-30DC-A2DF-8F034325E980}.RelWithDebInfo|x64.Build.0 = RelWithDebInfo|x64
		{380DB3C5-8CEA-34D7-83F8-60404ED2A073}.Debug|x64.ActiveCfg = Debug|x64
		{380DB3C5-8CEA-34D7-83F8-60404ED2A073}.Debug|x64.Build.0 = Debug|x64
		{380DB3C5-8CEA-34D7-83F8-60404ED2A073}.Release|x64.ActiveCfg = Release|x64
		{380DB3C5-8CEA-34D7-83F8-60404ED2A073}.Release|x64.Build.0 = Release|x64
		{380DB3C5-8CEA-34D7-83F8-60404ED2A073}.MinSizeRel|x64.ActiveCfg = MinSizeRel|x64
		{380DB3C5-8CEA-34D7-83F8-60404ED2A073}.MinSizeRel|x64.Build.0 = MinSizeRel|x64
		{380DB3C5-8CEA-34D7-83F8-60404ED2A073}.RelWithDebInfo|x64.ActiveCfg = RelWithDebInfo|x64
		{380DB3C5-8CEA-34D7-83F8-60404ED2A073}.RelWithDebInfo|x64.Build.0 = RelWithDebInfo|x64
		{C19B88D5-7F13-3004-8738-2EDF3397B925}.Debug|x64.ActiveCfg = Debug|x64
		{C19B88D5-7F13-3004-8738-2EDF3397B925}.Debug|x64.Build.0 = Debug|x64
		{C19B88D5-7F13-3004-8738-2EDF3397B925}.Release|x64.ActiveCfg = Release|x64
		{C19B88D5-7F13-3004-8738-2EDF3397B925}.Release|x64.Build.0 = Release|x64
		{C19B88D5-7F13-3004-8738-2EDF3397B925}.MinSizeRel|x64.ActiveCfg = MinSizeRel|x64
		{C19B88D5-7F13-3004-8738-2EDF3397B925}.MinSizeRel|x64.Build.0 = MinSizeRel|x64
		{C19B88D5-7F13-3004-8738-2EDF3397B925}.RelWithDebInfo|x64.ActiveCfg = RelWithDebInfo|x64
		{C19B88D5-7F13-3004-8738-2EDF3397B925}.RelWithDebInfo|x64.Build.0 = RelWithDebInfo|x64
	EndGlobalSection
	GlobalSection(NestedProjects) = preSolution
		{2F4B16A6-381C-3C2C-BDE2-5EB2AC0C2208} = {87C40441-5642-363D-B3E2-D777664D45B6}
		{33C5CC35-FAC3-3F86-946C-3FABF89390DA} = {87C40441-5642-363D-B3E2-D777664D45B6}
		{87DEF544-3A9C-33A3-B613-E44980C985DD} = {87C40441-5642-363D-B3E2-D777664D45B6}
		{D01CBF68-3AE1-3839-A7BA-DACA8583E03F} = {87C40441-5642-363D-B3E2-D777664D45B6}
		{45C59E8C-69ED-3608-9DF3-D461C23A5B57} = {87C40441-5642-363D-B3E2-D777664D45B6}
		{2A724E8A-CD19-3C28-94A7-F00E1514D06B} = {D5677111-2278-3981-A549-A0DD93DC1A26}
		{6DFCD57B-B49A-3B4C-ACDF-44133A0C5E40} = {D5677111-2278-3981-A549-A0DD93DC1A26}
		{81458F8B-8DF1-30DC-A2DF-8F034325E980} = {D5677111-2278-3981-A549-A0DD93DC1A26}
		{380DB3C5-8CEA-34D7-83F8-60404ED2A073} = {D5677111-2278-3981-A549-A0DD93DC1A26}
		{C19B88D5-7F13-3004-8738-2EDF3397B925} = {D5677111-2278-3981-A549-A0DD93DC1A26}
	EndGlobalSection
	GlobalSection(ExtensibilityGlobals) = postSolution
		SolutionGuid = {4036D1C4-15D2-3410-9AD2-4EA91752049E}
	EndGlobalSection
	GlobalSection(ExtensibilityAddIns) = postSolution
	EndGlobalSection
EndGlobal
